// !$*UTF8*$!
{
	archiveVersion = 1;
	classes = {
	};
	objectVersion = 56;
	objects = {

/* Begin PBXBuildFile section */
		16A69F1E97A4FF9E1716395B /* Pods_iLearningTests.framework in Frameworks */ = {isa = PBXBuildFile; fileRef = A23619AE1F32A294040B2914 /* Pods_iLearningTests.framework */; };
		8E0DF995C2C16957BFB7140F /* Pods_iLearning_iLearningUITests.framework in Frameworks */ = {isa = PBXBuildFile; fileRef = BE97DEE5A4203D5C55E8D55F /* Pods_iLearning_iLearningUITests.framework */; };
		D71966EF0C363CD4C0E26742 /* Pods_iLearning.framework in Frameworks */ = {isa = PBXBuildFile; fileRef = 8232A45F5BD92C97948EB2E5 /* Pods_iLearning.framework */; };
		D8AA6342291CD4CA00F2A88A /* iLearningApp.swift in Sources */ = {isa = PBXBuildFile; fileRef = D8AA6341291CD4CA00F2A88A /* iLearningApp.swift */; };
		D8AA6344291CD4CA00F2A88A /* ContentView.swift in Sources */ = {isa = PBXBuildFile; fileRef = D8AA6343291CD4CA00F2A88A /* ContentView.swift */; };
		D8AA6346291CD4CB00F2A88A /* Assets.xcassets in Resources */ = {isa = PBXBuildFile; fileRef = D8AA6345291CD4CB00F2A88A /* Assets.xcassets */; };
		D8AA6354291CD4CB00F2A88A /* iLearningTests.swift in Sources */ = {isa = PBXBuildFile; fileRef = D8AA6353291CD4CB00F2A88A /* iLearningTests.swift */; };
		D8AA635E291CD4CB00F2A88A /* iLearningUITests.swift in Sources */ = {isa = PBXBuildFile; fileRef = D8AA635D291CD4CB00F2A88A /* iLearningUITests.swift */; };
		D8AA6360291CD4CB00F2A88A /* iLearningUITestsLaunchTests.swift in Sources */ = {isa = PBXBuildFile; fileRef = D8AA635F291CD4CB00F2A88A /* iLearningUITestsLaunchTests.swift */; };
		D8BCE96B291E2CE700BBD0D4 /* SplashView.storyboard in Resources */ = {isa = PBXBuildFile; fileRef = D8BCE96A291E2CE700BBD0D4 /* SplashView.storyboard */; };
		D8FC55CB291CDAA700106153 /* AppDelegate.swift in Sources */ = {isa = PBXBuildFile; fileRef = D8FC55CA291CDAA700106153 /* AppDelegate.swift */; };
/* End PBXBuildFile section */

/* Begin PBXContainerItemProxy section */
		D8AA6350291CD4CB00F2A88A /* PBXContainerItemProxy */ = {
			isa = PBXContainerItemProxy;
			containerPortal = D8AA6336291CD4CA00F2A88A /* Project object */;
			proxyType = 1;
			remoteGlobalIDString = D8AA633D291CD4CA00F2A88A;
			remoteInfo = iLearning;
		};
		D8AA635A291CD4CB00F2A88A /* PBXContainerItemProxy */ = {
			isa = PBXContainerItemProxy;
			containerPortal = D8AA6336291CD4CA00F2A88A /* Project object */;
			proxyType = 1;
			remoteGlobalIDString = D8AA633D291CD4CA00F2A88A;
			remoteInfo = iLearning;
		};
/* End PBXContainerItemProxy section */

/* Begin PBXFileReference section */
		0833F55FFF1946419F9D6D6F /* Pods-iLearning.debug.xcconfig */ = {isa = PBXFileReference; includeInIndex = 1; lastKnownFileType = text.xcconfig; name = "Pods-iLearning.debug.xcconfig"; path = "Target Support Files/Pods-iLearning/Pods-iLearning.debug.xcconfig"; sourceTree = "<group>"; };
		0948D2DD5E614BE4AE8D3045 /* Pods-iLearning.release.xcconfig */ = {isa = PBXFileReference; includeInIndex = 1; lastKnownFileType = text.xcconfig; name = "Pods-iLearning.release.xcconfig"; path = "Target Support Files/Pods-iLearning/Pods-iLearning.release.xcconfig"; sourceTree = "<group>"; };
		33ACC2622F4FB68E9DA17524 /* Pods-iLearning-iLearningUITests.release.xcconfig */ = {isa = PBXFileReference; includeInIndex = 1; lastKnownFileType = text.xcconfig; name = "Pods-iLearning-iLearningUITests.release.xcconfig"; path = "Target Support Files/Pods-iLearning-iLearningUITests/Pods-iLearning-iLearningUITests.release.xcconfig"; sourceTree = "<group>"; };
		64341CE8FD353BDB41E92768 /* Pods-iLearningTests.release.xcconfig */ = {isa = PBXFileReference; includeInIndex = 1; lastKnownFileType = text.xcconfig; name = "Pods-iLearningTests.release.xcconfig"; path = "Target Support Files/Pods-iLearningTests/Pods-iLearningTests.release.xcconfig"; sourceTree = "<group>"; };
		8232A45F5BD92C97948EB2E5 /* Pods_iLearning.framework */ = {isa = PBXFileReference; explicitFileType = wrapper.framework; includeInIndex = 0; path = Pods_iLearning.framework; sourceTree = BUILT_PRODUCTS_DIR; };
		A23619AE1F32A294040B2914 /* Pods_iLearningTests.framework */ = {isa = PBXFileReference; explicitFileType = wrapper.framework; includeInIndex = 0; path = Pods_iLearningTests.framework; sourceTree = BUILT_PRODUCTS_DIR; };
		BB44387E70793B8A5AD0F51E /* Pods-iLearningTests.debug.xcconfig */ = {isa = PBXFileReference; includeInIndex = 1; lastKnownFileType = text.xcconfig; name = "Pods-iLearningTests.debug.xcconfig"; path = "Target Support Files/Pods-iLearningTests/Pods-iLearningTests.debug.xcconfig"; sourceTree = "<group>"; };
		BE97DEE5A4203D5C55E8D55F /* Pods_iLearning_iLearningUITests.framework */ = {isa = PBXFileReference; explicitFileType = wrapper.framework; includeInIndex = 0; path = Pods_iLearning_iLearningUITests.framework; sourceTree = BUILT_PRODUCTS_DIR; };
		C30F047976AAC2D44BC3FAE2 /* Pods-iLearning-iLearningUITests.debug.xcconfig */ = {isa = PBXFileReference; includeInIndex = 1; lastKnownFileType = text.xcconfig; name = "Pods-iLearning-iLearningUITests.debug.xcconfig"; path = "Target Support Files/Pods-iLearning-iLearningUITests/Pods-iLearning-iLearningUITests.debug.xcconfig"; sourceTree = "<group>"; };
		D8AA633E291CD4CA00F2A88A /* iLearning.app */ = {isa = PBXFileReference; explicitFileType = wrapper.application; includeInIndex = 0; path = iLearning.app; sourceTree = BUILT_PRODUCTS_DIR; };
		D8AA6341291CD4CA00F2A88A /* iLearningApp.swift */ = {isa = PBXFileReference; lastKnownFileType = sourcecode.swift; path = iLearningApp.swift; sourceTree = "<group>"; };
		D8AA6343291CD4CA00F2A88A /* ContentView.swift */ = {isa = PBXFileReference; lastKnownFileType = sourcecode.swift; path = ContentView.swift; sourceTree = "<group>"; };
		D8AA6345291CD4CB00F2A88A /* Assets.xcassets */ = {isa = PBXFileReference; lastKnownFileType = folder.assetcatalog; path = Assets.xcassets; sourceTree = "<group>"; };
		D8AA6347291CD4CB00F2A88A /* iLearning.entitlements */ = {isa = PBXFileReference; lastKnownFileType = text.plist.entitlements; path = iLearning.entitlements; sourceTree = "<group>"; };
		D8AA634F291CD4CB00F2A88A /* iLearningTests.xctest */ = {isa = PBXFileReference; explicitFileType = wrapper.cfbundle; includeInIndex = 0; path = iLearningTests.xctest; sourceTree = BUILT_PRODUCTS_DIR; };
		D8AA6353291CD4CB00F2A88A /* iLearningTests.swift */ = {isa = PBXFileReference; lastKnownFileType = sourcecode.swift; path = iLearningTests.swift; sourceTree = "<group>"; };
		D8AA6359291CD4CB00F2A88A /* iLearningUITests.xctest */ = {isa = PBXFileReference; explicitFileType = wrapper.cfbundle; includeInIndex = 0; path = iLearningUITests.xctest; sourceTree = BUILT_PRODUCTS_DIR; };
		D8AA635D291CD4CB00F2A88A /* iLearningUITests.swift */ = {isa = PBXFileReference; lastKnownFileType = sourcecode.swift; path = iLearningUITests.swift; sourceTree = "<group>"; };
		D8AA635F291CD4CB00F2A88A /* iLearningUITestsLaunchTests.swift */ = {isa = PBXFileReference; lastKnownFileType = sourcecode.swift; path = iLearningUITestsLaunchTests.swift; sourceTree = "<group>"; };
		D8BCE96A291E2CE700BBD0D4 /* SplashView.storyboard */ = {isa = PBXFileReference; fileEncoding = 4; lastKnownFileType = file.storyboard; path = SplashView.storyboard; sourceTree = "<group>"; };
		D8FC55CA291CDAA700106153 /* AppDelegate.swift */ = {isa = PBXFileReference; lastKnownFileType = sourcecode.swift; path = AppDelegate.swift; sourceTree = "<group>"; };
/* End PBXFileReference section */

/* Begin PBXFrameworksBuildPhase section */
		D8AA633B291CD4CA00F2A88A /* Frameworks */ = {
			isa = PBXFrameworksBuildPhase;
			buildActionMask = 2147483647;
			files = (
				D71966EF0C363CD4C0E26742 /* Pods_iLearning.framework in Frameworks */,
			);
			runOnlyForDeploymentPostprocessing = 0;
		};
		D8AA634C291CD4CB00F2A88A /* Frameworks */ = {
			isa = PBXFrameworksBuildPhase;
			buildActionMask = 2147483647;
			files = (
				16A69F1E97A4FF9E1716395B /* Pods_iLearningTests.framework in Frameworks */,
			);
			runOnlyForDeploymentPostprocessing = 0;
		};
		D8AA6356291CD4CB00F2A88A /* Frameworks */ = {
			isa = PBXFrameworksBuildPhase;
			buildActionMask = 2147483647;
			files = (
				8E0DF995C2C16957BFB7140F /* Pods_iLearning_iLearningUITests.framework in Frameworks */,
			);
			runOnlyForDeploymentPostprocessing = 0;
		};
/* End PBXFrameworksBuildPhase section */

/* Begin PBXGroup section */
		30C40471347572D77FFAADDC /* Pods */ = {
			isa = PBXGroup;
			children = (
				0833F55FFF1946419F9D6D6F /* Pods-iLearning.debug.xcconfig */,
				0948D2DD5E614BE4AE8D3045 /* Pods-iLearning.release.xcconfig */,
				C30F047976AAC2D44BC3FAE2 /* Pods-iLearning-iLearningUITests.debug.xcconfig */,
				33ACC2622F4FB68E9DA17524 /* Pods-iLearning-iLearningUITests.release.xcconfig */,
				BB44387E70793B8A5AD0F51E /* Pods-iLearningTests.debug.xcconfig */,
				64341CE8FD353BDB41E92768 /* Pods-iLearningTests.release.xcconfig */,
			);
			path = Pods;
			sourceTree = "<group>";
		};
		A41EC97E5298A1B945D7BF08 /* Frameworks */ = {
			isa = PBXGroup;
			children = (
				8232A45F5BD92C97948EB2E5 /* Pods_iLearning.framework */,
				BE97DEE5A4203D5C55E8D55F /* Pods_iLearning_iLearningUITests.framework */,
				A23619AE1F32A294040B2914 /* Pods_iLearningTests.framework */,
			);
			name = Frameworks;
			sourceTree = "<group>";
		};
		D8AA6335291CD4CA00F2A88A = {
			isa = PBXGroup;
			children = (
				D8AA6340291CD4CA00F2A88A /* iLearning */,
				D8AA6352291CD4CB00F2A88A /* iLearningTests */,
				D8AA635C291CD4CB00F2A88A /* iLearningUITests */,
				D8AA633F291CD4CA00F2A88A /* Products */,
				30C40471347572D77FFAADDC /* Pods */,
				A41EC97E5298A1B945D7BF08 /* Frameworks */,
			);
			sourceTree = "<group>";
		};
		D8AA633F291CD4CA00F2A88A /* Products */ = {
			isa = PBXGroup;
			children = (
				D8AA633E291CD4CA00F2A88A /* iLearning.app */,
				D8AA634F291CD4CB00F2A88A /* iLearningTests.xctest */,
				D8AA6359291CD4CB00F2A88A /* iLearningUITests.xctest */,
			);
			name = Products;
			sourceTree = "<group>";
		};
		D8AA6340291CD4CA00F2A88A /* iLearning */ = {
			isa = PBXGroup;
			children = (
				D8AA6341291CD4CA00F2A88A /* iLearningApp.swift */,
				D8BCE96A291E2CE700BBD0D4 /* SplashView.storyboard */,
				D8FC55CA291CDAA700106153 /* AppDelegate.swift */,
				D8AA6343291CD4CA00F2A88A /* ContentView.swift */,
				D8AA6345291CD4CB00F2A88A /* Assets.xcassets */,
				D8AA6347291CD4CB00F2A88A /* iLearning.entitlements */,
			);
			path = iLearning;
			sourceTree = "<group>";
		};
		D8AA6352291CD4CB00F2A88A /* iLearningTests */ = {
			isa = PBXGroup;
			children = (
				D8AA6353291CD4CB00F2A88A /* iLearningTests.swift */,
			);
			path = iLearningTests;
			sourceTree = "<group>";
		};
		D8AA635C291CD4CB00F2A88A /* iLearningUITests */ = {
			isa = PBXGroup;
			children = (
				D8AA635D291CD4CB00F2A88A /* iLearningUITests.swift */,
				D8AA635F291CD4CB00F2A88A /* iLearningUITestsLaunchTests.swift */,
			);
			path = iLearningUITests;
			sourceTree = "<group>";
		};
/* End PBXGroup section */

/* Begin PBXNativeTarget section */
		D8AA633D291CD4CA00F2A88A /* iLearning */ = {
			isa = PBXNativeTarget;
			buildConfigurationList = D8AA6363291CD4CB00F2A88A /* Build configuration list for PBXNativeTarget "iLearning" */;
			buildPhases = (
				CB5936CF1D3A071EFBBF6448 /* [CP] Check Pods Manifest.lock */,
				D8AA633A291CD4CA00F2A88A /* Sources */,
				D8AA633B291CD4CA00F2A88A /* Frameworks */,
				D8AA633C291CD4CA00F2A88A /* Resources */,
				73950F859E10BF7833C384CF /* [CP] Embed Pods Frameworks */,
			);
			buildRules = (
			);
			dependencies = (
			);
			name = iLearning;
			productName = iLearning;
			productReference = D8AA633E291CD4CA00F2A88A /* iLearning.app */;
			productType = "com.apple.product-type.application";
		};
		D8AA634E291CD4CB00F2A88A /* iLearningTests */ = {
			isa = PBXNativeTarget;
			buildConfigurationList = D8AA6366291CD4CB00F2A88A /* Build configuration list for PBXNativeTarget "iLearningTests" */;
			buildPhases = (
				5065DB7F1ACE0F48A68A287F /* [CP] Check Pods Manifest.lock */,
				D8AA634B291CD4CB00F2A88A /* Sources */,
				D8AA634C291CD4CB00F2A88A /* Frameworks */,
				D8AA634D291CD4CB00F2A88A /* Resources */,
			);
			buildRules = (
			);
			dependencies = (
				D8AA6351291CD4CB00F2A88A /* PBXTargetDependency */,
			);
			name = iLearningTests;
			productName = iLearningTests;
			productReference = D8AA634F291CD4CB00F2A88A /* iLearningTests.xctest */;
			productType = "com.apple.product-type.bundle.unit-test";
		};
		D8AA6358291CD4CB00F2A88A /* iLearningUITests */ = {
			isa = PBXNativeTarget;
			buildConfigurationList = D8AA6369291CD4CB00F2A88A /* Build configuration list for PBXNativeTarget "iLearningUITests" */;
			buildPhases = (
				887FCA2BB40F2EEAA352D916 /* [CP] Check Pods Manifest.lock */,
				D8AA6355291CD4CB00F2A88A /* Sources */,
				D8AA6356291CD4CB00F2A88A /* Frameworks */,
				D8AA6357291CD4CB00F2A88A /* Resources */,
				57FB522BEEBCC06C919181BF /* [CP] Embed Pods Frameworks */,
			);
			buildRules = (
			);
			dependencies = (
				D8AA635B291CD4CB00F2A88A /* PBXTargetDependency */,
			);
			name = iLearningUITests;
			productName = iLearningUITests;
			productReference = D8AA6359291CD4CB00F2A88A /* iLearningUITests.xctest */;
			productType = "com.apple.product-type.bundle.ui-testing";
		};
/* End PBXNativeTarget section */

/* Begin PBXProject section */
		D8AA6336291CD4CA00F2A88A /* Project object */ = {
			isa = PBXProject;
			attributes = {
				BuildIndependentTargetsInParallel = 1;
				LastSwiftUpdateCheck = 1400;
				LastUpgradeCheck = 1400;
				TargetAttributes = {
					D8AA633D291CD4CA00F2A88A = {
						CreatedOnToolsVersion = 14.0;
					};
					D8AA634E291CD4CB00F2A88A = {
						CreatedOnToolsVersion = 14.0;
						TestTargetID = D8AA633D291CD4CA00F2A88A;
					};
					D8AA6358291CD4CB00F2A88A = {
						CreatedOnToolsVersion = 14.0;
						TestTargetID = D8AA633D291CD4CA00F2A88A;
					};
				};
			};
			buildConfigurationList = D8AA6339291CD4CA00F2A88A /* Build configuration list for PBXProject "iLearning" */;
			compatibilityVersion = "Xcode 14.0";
			developmentRegion = en;
			hasScannedForEncodings = 0;
			knownRegions = (
				en,
				Base,
			);
			mainGroup = D8AA6335291CD4CA00F2A88A;
			productRefGroup = D8AA633F291CD4CA00F2A88A /* Products */;
			projectDirPath = "";
			projectRoot = "";
			targets = (
				D8AA633D291CD4CA00F2A88A /* iLearning */,
				D8AA634E291CD4CB00F2A88A /* iLearningTests */,
				D8AA6358291CD4CB00F2A88A /* iLearningUITests */,
			);
		};
/* End PBXProject section */

/* Begin PBXResourcesBuildPhase section */
		D8AA633C291CD4CA00F2A88A /* Resources */ = {
			isa = PBXResourcesBuildPhase;
			buildActionMask = 2147483647;
			files = (
				D8BCE96B291E2CE700BBD0D4 /* SplashView.storyboard in Resources */,
				D8AA6346291CD4CB00F2A88A /* Assets.xcassets in Resources */,
			);
			runOnlyForDeploymentPostprocessing = 0;
		};
		D8AA634D291CD4CB00F2A88A /* Resources */ = {
			isa = PBXResourcesBuildPhase;
			buildActionMask = 2147483647;
			files = (
			);
			runOnlyForDeploymentPostprocessing = 0;
		};
		D8AA6357291CD4CB00F2A88A /* Resources */ = {
			isa = PBXResourcesBuildPhase;
			buildActionMask = 2147483647;
			files = (
			);
			runOnlyForDeploymentPostprocessing = 0;
		};
/* End PBXResourcesBuildPhase section */

/* Begin PBXShellScriptBuildPhase section */
		5065DB7F1ACE0F48A68A287F /* [CP] Check Pods Manifest.lock */ = {
			isa = PBXShellScriptBuildPhase;
			buildActionMask = 2147483647;
			files = (
			);
			inputFileListPaths = (
			);
			inputPaths = (
				"${PODS_PODFILE_DIR_PATH}/Podfile.lock",
				"${PODS_ROOT}/Manifest.lock",
			);
			name = "[CP] Check Pods Manifest.lock";
			outputFileListPaths = (
			);
			outputPaths = (
				"$(DERIVED_FILE_DIR)/Pods-iLearningTests-checkManifestLockResult.txt",
			);
			runOnlyForDeploymentPostprocessing = 0;
			shellPath = /bin/sh;
			shellScript = "diff \"${PODS_PODFILE_DIR_PATH}/Podfile.lock\" \"${PODS_ROOT}/Manifest.lock\" > /dev/null\nif [ $? != 0 ] ; then\n    # print error to STDERR\n    echo \"error: The sandbox is not in sync with the Podfile.lock. Run 'pod install' or update your CocoaPods installation.\" >&2\n    exit 1\nfi\n# This output is used by Xcode 'outputs' to avoid re-running this script phase.\necho \"SUCCESS\" > \"${SCRIPT_OUTPUT_FILE_0}\"\n";
			showEnvVarsInLog = 0;
		};
		57FB522BEEBCC06C919181BF /* [CP] Embed Pods Frameworks */ = {
			isa = PBXShellScriptBuildPhase;
			buildActionMask = 2147483647;
			files = (
			);
			inputFileListPaths = (
				"${PODS_ROOT}/Target Support Files/Pods-iLearning-iLearningUITests/Pods-iLearning-iLearningUITests-frameworks-${CONFIGURATION}-input-files.xcfilelist",
			);
			name = "[CP] Embed Pods Frameworks";
			outputFileListPaths = (
				"${PODS_ROOT}/Target Support Files/Pods-iLearning-iLearningUITests/Pods-iLearning-iLearningUITests-frameworks-${CONFIGURATION}-output-files.xcfilelist",
			);
			runOnlyForDeploymentPostprocessing = 0;
			shellPath = /bin/sh;
			shellScript = "\"${PODS_ROOT}/Target Support Files/Pods-iLearning-iLearningUITests/Pods-iLearning-iLearningUITests-frameworks.sh\"\n";
			showEnvVarsInLog = 0;
		};
		73950F859E10BF7833C384CF /* [CP] Embed Pods Frameworks */ = {
			isa = PBXShellScriptBuildPhase;
			buildActionMask = 2147483647;
			files = (
			);
			inputFileListPaths = (
				"${PODS_ROOT}/Target Support Files/Pods-iLearning/Pods-iLearning-frameworks-${CONFIGURATION}-input-files.xcfilelist",
			);
			name = "[CP] Embed Pods Frameworks";
			outputFileListPaths = (
				"${PODS_ROOT}/Target Support Files/Pods-iLearning/Pods-iLearning-frameworks-${CONFIGURATION}-output-files.xcfilelist",
			);
			runOnlyForDeploymentPostprocessing = 0;
			shellPath = /bin/sh;
			shellScript = "\"${PODS_ROOT}/Target Support Files/Pods-iLearning/Pods-iLearning-frameworks.sh\"\n";
			showEnvVarsInLog = 0;
		};
		887FCA2BB40F2EEAA352D916 /* [CP] Check Pods Manifest.lock */ = {
			isa = PBXShellScriptBuildPhase;
			buildActionMask = 2147483647;
			files = (
			);
			inputFileListPaths = (
			);
			inputPaths = (
				"${PODS_PODFILE_DIR_PATH}/Podfile.lock",
				"${PODS_ROOT}/Manifest.lock",
			);
			name = "[CP] Check Pods Manifest.lock";
			outputFileListPaths = (
			);
			outputPaths = (
				"$(DERIVED_FILE_DIR)/Pods-iLearning-iLearningUITests-checkManifestLockResult.txt",
			);
			runOnlyForDeploymentPostprocessing = 0;
			shellPath = /bin/sh;
			shellScript = "diff \"${PODS_PODFILE_DIR_PATH}/Podfile.lock\" \"${PODS_ROOT}/Manifest.lock\" > /dev/null\nif [ $? != 0 ] ; then\n    # print error to STDERR\n    echo \"error: The sandbox is not in sync with the Podfile.lock. Run 'pod install' or update your CocoaPods installation.\" >&2\n    exit 1\nfi\n# This output is used by Xcode 'outputs' to avoid re-running this script phase.\necho \"SUCCESS\" > \"${SCRIPT_OUTPUT_FILE_0}\"\n";
			showEnvVarsInLog = 0;
		};
		CB5936CF1D3A071EFBBF6448 /* [CP] Check Pods Manifest.lock */ = {
			isa = PBXShellScriptBuildPhase;
			buildActionMask = 2147483647;
			files = (
			);
			inputFileListPaths = (
			);
			inputPaths = (
				"${PODS_PODFILE_DIR_PATH}/Podfile.lock",
				"${PODS_ROOT}/Manifest.lock",
			);
			name = "[CP] Check Pods Manifest.lock";
			outputFileListPaths = (
			);
			outputPaths = (
				"$(DERIVED_FILE_DIR)/Pods-iLearning-checkManifestLockResult.txt",
			);
			runOnlyForDeploymentPostprocessing = 0;
			shellPath = /bin/sh;
			shellScript = "diff \"${PODS_PODFILE_DIR_PATH}/Podfile.lock\" \"${PODS_ROOT}/Manifest.lock\" > /dev/null\nif [ $? != 0 ] ; then\n    # print error to STDERR\n    echo \"error: The sandbox is not in sync with the Podfile.lock. Run 'pod install' or update your CocoaPods installation.\" >&2\n    exit 1\nfi\n# This output is used by Xcode 'outputs' to avoid re-running this script phase.\necho \"SUCCESS\" > \"${SCRIPT_OUTPUT_FILE_0}\"\n";
			showEnvVarsInLog = 0;
		};
/* End PBXShellScriptBuildPhase section */

/* Begin PBXSourcesBuildPhase section */
		D8AA633A291CD4CA00F2A88A /* Sources */ = {
			isa = PBXSourcesBuildPhase;
			buildActionMask = 2147483647;
			files = (
				D8FC55CB291CDAA700106153 /* AppDelegate.swift in Sources */,
				D8AA6344291CD4CA00F2A88A /* ContentView.swift in Sources */,
				D8AA6342291CD4CA00F2A88A /* iLearningApp.swift in Sources */,
			);
			runOnlyForDeploymentPostprocessing = 0;
		};
		D8AA634B291CD4CB00F2A88A /* Sources */ = {
			isa = PBXSourcesBuildPhase;
			buildActionMask = 2147483647;
			files = (
				D8AA6354291CD4CB00F2A88A /* iLearningTests.swift in Sources */,
			);
			runOnlyForDeploymentPostprocessing = 0;
		};
		D8AA6355291CD4CB00F2A88A /* Sources */ = {
			isa = PBXSourcesBuildPhase;
			buildActionMask = 2147483647;
			files = (
				D8AA6360291CD4CB00F2A88A /* iLearningUITestsLaunchTests.swift in Sources */,
				D8AA635E291CD4CB00F2A88A /* iLearningUITests.swift in Sources */,
			);
			runOnlyForDeploymentPostprocessing = 0;
		};
/* End PBXSourcesBuildPhase section */

/* Begin PBXTargetDependency section */
		D8AA6351291CD4CB00F2A88A /* PBXTargetDependency */ = {
			isa = PBXTargetDependency;
			target = D8AA633D291CD4CA00F2A88A /* iLearning */;
			targetProxy = D8AA6350291CD4CB00F2A88A /* PBXContainerItemProxy */;
		};
		D8AA635B291CD4CB00F2A88A /* PBXTargetDependency */ = {
			isa = PBXTargetDependency;
			target = D8AA633D291CD4CA00F2A88A /* iLearning */;
			targetProxy = D8AA635A291CD4CB00F2A88A /* PBXContainerItemProxy */;
		};
/* End PBXTargetDependency section */

/* Begin XCBuildConfiguration section */
		D8AA6361291CD4CB00F2A88A /* Debug */ = {
			isa = XCBuildConfiguration;
			buildSettings = {
				ALWAYS_SEARCH_USER_PATHS = NO;
				CLANG_ANALYZER_NONNULL = YES;
				CLANG_ANALYZER_NUMBER_OBJECT_CONVERSION = YES_AGGRESSIVE;
				CLANG_CXX_LANGUAGE_STANDARD = "gnu++20";
				CLANG_ENABLE_MODULES = YES;
				CLANG_ENABLE_OBJC_ARC = YES;
				CLANG_ENABLE_OBJC_WEAK = YES;
				CLANG_WARN_BLOCK_CAPTURE_AUTORELEASING = YES;
				CLANG_WARN_BOOL_CONVERSION = YES;
				CLANG_WARN_COMMA = YES;
				CLANG_WARN_CONSTANT_CONVERSION = YES;
				CLANG_WARN_DEPRECATED_OBJC_IMPLEMENTATIONS = YES;
				CLANG_WARN_DIRECT_OBJC_ISA_USAGE = YES_ERROR;
				CLANG_WARN_DOCUMENTATION_COMMENTS = YES;
				CLANG_WARN_EMPTY_BODY = YES;
				CLANG_WARN_ENUM_CONVERSION = YES;
				CLANG_WARN_INFINITE_RECURSION = YES;
				CLANG_WARN_INT_CONVERSION = YES;
				CLANG_WARN_NON_LITERAL_NULL_CONVERSION = YES;
				CLANG_WARN_OBJC_IMPLICIT_RETAIN_SELF = YES;
				CLANG_WARN_OBJC_LITERAL_CONVERSION = YES;
				CLANG_WARN_OBJC_ROOT_CLASS = YES_ERROR;
				CLANG_WARN_QUOTED_INCLUDE_IN_FRAMEWORK_HEADER = YES;
				CLANG_WARN_RANGE_LOOP_ANALYSIS = YES;
				CLANG_WARN_STRICT_PROTOTYPES = YES;
				CLANG_WARN_SUSPICIOUS_MOVE = YES;
				CLANG_WARN_UNGUARDED_AVAILABILITY = YES_AGGRESSIVE;
				CLANG_WARN_UNREACHABLE_CODE = YES;
				CLANG_WARN__DUPLICATE_METHOD_MATCH = YES;
				COPY_PHASE_STRIP = NO;
				DEBUG_INFORMATION_FORMAT = dwarf;
				ENABLE_STRICT_OBJC_MSGSEND = YES;
				ENABLE_TESTABILITY = YES;
				GCC_C_LANGUAGE_STANDARD = gnu11;
				GCC_DYNAMIC_NO_PIC = NO;
				GCC_NO_COMMON_BLOCKS = YES;
				GCC_OPTIMIZATION_LEVEL = 0;
				GCC_PREPROCESSOR_DEFINITIONS = (
					"DEBUG=1",
					"$(inherited)",
				);
				GCC_WARN_64_TO_32_BIT_CONVERSION = YES;
				GCC_WARN_ABOUT_RETURN_TYPE = YES_ERROR;
				GCC_WARN_UNDECLARED_SELECTOR = YES;
				GCC_WARN_UNINITIALIZED_AUTOS = YES_AGGRESSIVE;
				GCC_WARN_UNUSED_FUNCTION = YES;
				GCC_WARN_UNUSED_VARIABLE = YES;
				MTL_ENABLE_DEBUG_INFO = INCLUDE_SOURCE;
				MTL_FAST_MATH = YES;
				ONLY_ACTIVE_ARCH = YES;
				SWIFT_ACTIVE_COMPILATION_CONDITIONS = DEBUG;
				SWIFT_OPTIMIZATION_LEVEL = "-Onone";
			};
			name = Debug;
		};
		D8AA6362291CD4CB00F2A88A /* Release */ = {
			isa = XCBuildConfiguration;
			buildSettings = {
				ALWAYS_SEARCH_USER_PATHS = NO;
				CLANG_ANALYZER_NONNULL = YES;
				CLANG_ANALYZER_NUMBER_OBJECT_CONVERSION = YES_AGGRESSIVE;
				CLANG_CXX_LANGUAGE_STANDARD = "gnu++20";
				CLANG_ENABLE_MODULES = YES;
				CLANG_ENABLE_OBJC_ARC = YES;
				CLANG_ENABLE_OBJC_WEAK = YES;
				CLANG_WARN_BLOCK_CAPTURE_AUTORELEASING = YES;
				CLANG_WARN_BOOL_CONVERSION = YES;
				CLANG_WARN_COMMA = YES;
				CLANG_WARN_CONSTANT_CONVERSION = YES;
				CLANG_WARN_DEPRECATED_OBJC_IMPLEMENTATIONS = YES;
				CLANG_WARN_DIRECT_OBJC_ISA_USAGE = YES_ERROR;
				CLANG_WARN_DOCUMENTATION_COMMENTS = YES;
				CLANG_WARN_EMPTY_BODY = YES;
				CLANG_WARN_ENUM_CONVERSION = YES;
				CLANG_WARN_INFINITE_RECURSION = YES;
				CLANG_WARN_INT_CONVERSION = YES;
				CLANG_WARN_NON_LITERAL_NULL_CONVERSION = YES;
				CLANG_WARN_OBJC_IMPLICIT_RETAIN_SELF = YES;
				CLANG_WARN_OBJC_LITERAL_CONVERSION = YES;
				CLANG_WARN_OBJC_ROOT_CLASS = YES_ERROR;
				CLANG_WARN_QUOTED_INCLUDE_IN_FRAMEWORK_HEADER = YES;
				CLANG_WARN_RANGE_LOOP_ANALYSIS = YES;
				CLANG_WARN_STRICT_PROTOTYPES = YES;
				CLANG_WARN_SUSPICIOUS_MOVE = YES;
				CLANG_WARN_UNGUARDED_AVAILABILITY = YES_AGGRESSIVE;
				CLANG_WARN_UNREACHABLE_CODE = YES;
				CLANG_WARN__DUPLICATE_METHOD_MATCH = YES;
				COPY_PHASE_STRIP = NO;
				DEBUG_INFORMATION_FORMAT = "dwarf-with-dsym";
				ENABLE_NS_ASSERTIONS = NO;
				ENABLE_STRICT_OBJC_MSGSEND = YES;
				GCC_C_LANGUAGE_STANDARD = gnu11;
				GCC_NO_COMMON_BLOCKS = YES;
				GCC_WARN_64_TO_32_BIT_CONVERSION = YES;
				GCC_WARN_ABOUT_RETURN_TYPE = YES_ERROR;
				GCC_WARN_UNDECLARED_SELECTOR = YES;
				GCC_WARN_UNINITIALIZED_AUTOS = YES_AGGRESSIVE;
				GCC_WARN_UNUSED_FUNCTION = YES;
				GCC_WARN_UNUSED_VARIABLE = YES;
				MTL_ENABLE_DEBUG_INFO = NO;
				MTL_FAST_MATH = YES;
				SWIFT_COMPILATION_MODE = wholemodule;
				SWIFT_OPTIMIZATION_LEVEL = "-O";
			};
			name = Release;
		};
		D8AA6364291CD4CB00F2A88A /* Debug */ = {
			isa = XCBuildConfiguration;
			baseConfigurationReference = 0833F55FFF1946419F9D6D6F /* Pods-iLearning.debug.xcconfig */;
			buildSettings = {
				ASSETCATALOG_COMPILER_APPICON_NAME = AppIcon;
				ASSETCATALOG_COMPILER_GLOBAL_ACCENT_COLOR_NAME = AccentColor;
				CODE_SIGN_ENTITLEMENTS = iLearning/iLearning.entitlements;
				CODE_SIGN_STYLE = Automatic;
				CURRENT_PROJECT_VERSION = 1;
				DEVELOPMENT_ASSET_PATHS = "";
				DEVELOPMENT_TEAM = N8562Q559W;
				ENABLE_HARDENED_RUNTIME = YES;
				ENABLE_PREVIEWS = YES;
				GENERATE_INFOPLIST_FILE = YES;
				"INFOPLIST_KEY_UIApplicationSceneManifest_Generation[sdk=iphoneos*]" = YES;
				"INFOPLIST_KEY_UIApplicationSceneManifest_Generation[sdk=iphonesimulator*]" = YES;
				"INFOPLIST_KEY_UIApplicationSupportsIndirectInputEvents[sdk=iphoneos*]" = YES;
				"INFOPLIST_KEY_UIApplicationSupportsIndirectInputEvents[sdk=iphonesimulator*]" = YES;
				"INFOPLIST_KEY_UILaunchScreen_Generation[sdk=iphoneos*]" = YES;
				"INFOPLIST_KEY_UILaunchScreen_Generation[sdk=iphonesimulator*]" = YES;
				INFOPLIST_KEY_UILaunchStoryboardName = SplashView;
				"INFOPLIST_KEY_UIStatusBarStyle[sdk=iphoneos*]" = UIStatusBarStyleDefault;
				"INFOPLIST_KEY_UIStatusBarStyle[sdk=iphonesimulator*]" = UIStatusBarStyleDefault;
				INFOPLIST_KEY_UISupportedInterfaceOrientations_iPad = "UIInterfaceOrientationPortrait UIInterfaceOrientationPortraitUpsideDown UIInterfaceOrientationLandscapeLeft UIInterfaceOrientationLandscapeRight";
				INFOPLIST_KEY_UISupportedInterfaceOrientations_iPhone = "UIInterfaceOrientationPortrait UIInterfaceOrientationLandscapeLeft UIInterfaceOrientationLandscapeRight";
				IPHONEOS_DEPLOYMENT_TARGET = 15.6;
				LD_RUNPATH_SEARCH_PATHS = "$(inherited)";
				"LD_RUNPATH_SEARCH_PATHS[sdk=macosx*]" = "@executable_path/../Frameworks";
				MACOSX_DEPLOYMENT_TARGET = 12.3;
				MARKETING_VERSION = 1.0;
				PRODUCT_BUNDLE_IDENTIFIER = com.canopas.iLearning;
				PRODUCT_NAME = "$(TARGET_NAME)";
				SDKROOT = auto;
				SUPPORTED_PLATFORMS = "iphoneos iphonesimulator macosx";
				SWIFT_EMIT_LOC_STRINGS = YES;
				SWIFT_VERSION = 5.0;
				TARGETED_DEVICE_FAMILY = "1,2";
			};
			name = Debug;
		};
		D8AA6365291CD4CB00F2A88A /* Release */ = {
			isa = XCBuildConfiguration;
			baseConfigurationReference = 0948D2DD5E614BE4AE8D3045 /* Pods-iLearning.release.xcconfig */;
			buildSettings = {
				ASSETCATALOG_COMPILER_APPICON_NAME = AppIcon;
				ASSETCATALOG_COMPILER_GLOBAL_ACCENT_COLOR_NAME = AccentColor;
				CODE_SIGN_ENTITLEMENTS = iLearning/iLearning.entitlements;
				CODE_SIGN_STYLE = Automatic;
				CURRENT_PROJECT_VERSION = 1;
				DEVELOPMENT_ASSET_PATHS = "";
				DEVELOPMENT_TEAM = N8562Q559W;
				ENABLE_HARDENED_RUNTIME = YES;
				ENABLE_PREVIEWS = YES;
				GENERATE_INFOPLIST_FILE = YES;
				"INFOPLIST_KEY_UIApplicationSceneManifest_Generation[sdk=iphoneos*]" = YES;
				"INFOPLIST_KEY_UIApplicationSceneManifest_Generation[sdk=iphonesimulator*]" = YES;
				"INFOPLIST_KEY_UIApplicationSupportsIndirectInputEvents[sdk=iphoneos*]" = YES;
				"INFOPLIST_KEY_UIApplicationSupportsIndirectInputEvents[sdk=iphonesimulator*]" = YES;
				"INFOPLIST_KEY_UILaunchScreen_Generation[sdk=iphoneos*]" = YES;
				"INFOPLIST_KEY_UILaunchScreen_Generation[sdk=iphonesimulator*]" = YES;
				INFOPLIST_KEY_UILaunchStoryboardName = SplashView;
				"INFOPLIST_KEY_UIStatusBarStyle[sdk=iphoneos*]" = UIStatusBarStyleDefault;
				"INFOPLIST_KEY_UIStatusBarStyle[sdk=iphonesimulator*]" = UIStatusBarStyleDefault;
				INFOPLIST_KEY_UISupportedInterfaceOrientations_iPad = "UIInterfaceOrientationPortrait UIInterfaceOrientationPortraitUpsideDown UIInterfaceOrientationLandscapeLeft UIInterfaceOrientationLandscapeRight";
				INFOPLIST_KEY_UISupportedInterfaceOrientations_iPhone = "UIInterfaceOrientationPortrait UIInterfaceOrientationLandscapeLeft UIInterfaceOrientationLandscapeRight";
				IPHONEOS_DEPLOYMENT_TARGET = 15.6;
				LD_RUNPATH_SEARCH_PATHS = "$(inherited)";
				"LD_RUNPATH_SEARCH_PATHS[sdk=macosx*]" = "@executable_path/../Frameworks";
				MACOSX_DEPLOYMENT_TARGET = 12.3;
				MARKETING_VERSION = 1.0;
				PRODUCT_BUNDLE_IDENTIFIER = com.canopas.iLearning;
				PRODUCT_NAME = "$(TARGET_NAME)";
				SDKROOT = auto;
				SUPPORTED_PLATFORMS = "iphoneos iphonesimulator macosx";
				SWIFT_EMIT_LOC_STRINGS = YES;
				SWIFT_VERSION = 5.0;
				TARGETED_DEVICE_FAMILY = "1,2";
			};
			name = Release;
		};
		D8AA6367291CD4CB00F2A88A /* Debug */ = {
			isa = XCBuildConfiguration;
			baseConfigurationReference = BB44387E70793B8A5AD0F51E /* Pods-iLearningTests.debug.xcconfig */;
			buildSettings = {
				ALWAYS_EMBED_SWIFT_STANDARD_LIBRARIES = "$(inherited)";
				BUNDLE_LOADER = "$(TEST_HOST)";
				CODE_SIGN_STYLE = Automatic;
				CURRENT_PROJECT_VERSION = 1;
				DEVELOPMENT_TEAM = N8562Q559W;
				GENERATE_INFOPLIST_FILE = YES;
				IPHONEOS_DEPLOYMENT_TARGET = 15.6;
				MACOSX_DEPLOYMENT_TARGET = 12.3;
				MARKETING_VERSION = 1.0;
				PRODUCT_BUNDLE_IDENTIFIER = com.canopas.iLearningTests;
				PRODUCT_NAME = "$(TARGET_NAME)";
				SDKROOT = auto;
				SUPPORTED_PLATFORMS = "iphoneos iphonesimulator macosx";
				SWIFT_EMIT_LOC_STRINGS = NO;
				SWIFT_VERSION = 5.0;
				TARGETED_DEVICE_FAMILY = "1,2";
				TEST_HOST = "$(BUILT_PRODUCTS_DIR)/iLearning.app/$(BUNDLE_EXECUTABLE_FOLDER_PATH)/iLearning";
			};
			name = Debug;
		};
		D8AA6368291CD4CB00F2A88A /* Release */ = {
			isa = XCBuildConfiguration;
			baseConfigurationReference = 64341CE8FD353BDB41E92768 /* Pods-iLearningTests.release.xcconfig */;
			buildSettings = {
				ALWAYS_EMBED_SWIFT_STANDARD_LIBRARIES = "$(inherited)";
				BUNDLE_LOADER = "$(TEST_HOST)";
				CODE_SIGN_STYLE = Automatic;
				CURRENT_PROJECT_VERSION = 1;
				DEVELOPMENT_TEAM = N8562Q559W;
				GENERATE_INFOPLIST_FILE = YES;
				IPHONEOS_DEPLOYMENT_TARGET = 15.6;
				MACOSX_DEPLOYMENT_TARGET = 12.3;
				MARKETING_VERSION = 1.0;
				PRODUCT_BUNDLE_IDENTIFIER = com.canopas.iLearningTests;
				PRODUCT_NAME = "$(TARGET_NAME)";
				SDKROOT = auto;
				SUPPORTED_PLATFORMS = "iphoneos iphonesimulator macosx";
				SWIFT_EMIT_LOC_STRINGS = NO;
				SWIFT_VERSION = 5.0;
				TARGETED_DEVICE_FAMILY = "1,2";
				TEST_HOST = "$(BUILT_PRODUCTS_DIR)/iLearning.app/$(BUNDLE_EXECUTABLE_FOLDER_PATH)/iLearning";
			};
			name = Release;
		};
		D8AA636A291CD4CB00F2A88A /* Debug */ = {
			isa = XCBuildConfiguration;
			baseConfigurationReference = C30F047976AAC2D44BC3FAE2 /* Pods-iLearning-iLearningUITests.debug.xcconfig */;
			buildSettings = {
				ALWAYS_EMBED_SWIFT_STANDARD_LIBRARIES = "$(inherited)";
				CODE_SIGN_STYLE = Automatic;
				CURRENT_PROJECT_VERSION = 1;
				DEVELOPMENT_TEAM = N8562Q559W;
				GENERATE_INFOPLIST_FILE = YES;
				IPHONEOS_DEPLOYMENT_TARGET = 15.6;
				MACOSX_DEPLOYMENT_TARGET = 12.3;
				MARKETING_VERSION = 1.0;
				PRODUCT_BUNDLE_IDENTIFIER = com.canopas.iLearningUITests;
				PRODUCT_NAME = "$(TARGET_NAME)";
				SDKROOT = auto;
				SUPPORTED_PLATFORMS = "iphoneos iphonesimulator macosx";
				SWIFT_EMIT_LOC_STRINGS = NO;
				SWIFT_VERSION = 5.0;
				TARGETED_DEVICE_FAMILY = "1,2";
				TEST_TARGET_NAME = iLearning;
			};
			name = Debug;
		};
		D8AA636B291CD4CB00F2A88A /* Release */ = {
			isa = XCBuildConfiguration;
			baseConfigurationReference = 33ACC2622F4FB68E9DA17524 /* Pods-iLearning-iLearningUITests.release.xcconfig */;
			buildSettings = {
				ALWAYS_EMBED_SWIFT_STANDARD_LIBRARIES = "$(inherited)";
				CODE_SIGN_STYLE = Automatic;
				CURRENT_PROJECT_VERSION = 1;
				DEVELOPMENT_TEAM = N8562Q559W;
				GENERATE_INFOPLIST_FILE = YES;
				IPHONEOS_DEPLOYMENT_TARGET = 15.6;
				MACOSX_DEPLOYMENT_TARGET = 12.3;
				MARKETING_VERSION = 1.0;
				PRODUCT_BUNDLE_IDENTIFIER = com.canopas.iLearningUITests;
				PRODUCT_NAME = "$(TARGET_NAME)";
				SDKROOT = auto;
				SUPPORTED_PLATFORMS = "iphoneos iphonesimulator macosx";
				SWIFT_EMIT_LOC_STRINGS = NO;
				SWIFT_VERSION = 5.0;
				TARGETED_DEVICE_FAMILY = "1,2";
				TEST_TARGET_NAME = iLearning;
			};
			name = Release;
		};
/* End XCBuildConfiguration section */

/* Begin XCConfigurationList section */
		D8AA6339291CD4CA00F2A88A /* Build configuration list for PBXProject "iLearning" */ = {
			isa = XCConfigurationList;
			buildConfigurations = (
				D8AA6361291CD4CB00F2A88A /* Debug */,
				D8AA6362291CD4CB00F2A88A /* Release */,
			);
			defaultConfigurationIsVisible = 0;
			defaultConfigurationName = Release;
		};
		D8AA6363291CD4CB00F2A88A /* Build configuration list for PBXNativeTarget "iLearning" */ = {
			isa = XCConfigurationList;
			buildConfigurations = (
				D8AA6364291CD4CB00F2A88A /* Debug */,
				D8AA6365291CD4CB00F2A88A /* Release */,
			);
			defaultConfigurationIsVisible = 0;
			defaultConfigurationName = Release;
		};
		D8AA6366291CD4CB00F2A88A /* Build configuration list for PBXNativeTarget "iLearningTests" */ = {
			isa = XCConfigurationList;
			buildConfigurations = (
				D8AA6367291CD4CB00F2A88A /* Debug */,
				D8AA6368291CD4CB00F2A88A /* Release */,
			);
			defaultConfigurationIsVisible = 0;
			defaultConfigurationName = Release;
		};
		D8AA6369291CD4CB00F2A88A /* Build configuration list for PBXNativeTarget "iLearningUITests" */ = {
			isa = XCConfigurationList;
			buildConfigurations = (
				D8AA636A291CD4CB00F2A88A /* Debug */,
				D8AA636B291CD4CB00F2A88A /* Release */,
			);
			defaultConfigurationIsVisible = 0;
			defaultConfigurationName = Release;
		};
/* End XCConfigurationList section */
	};
	rootObject = D8AA6336291CD4CA00F2A88A /* Project object */;
}
