// !$*UTF8*$!
{
	archiveVersion = 1;
	classes = {
	};
	objectVersion = 56;
	objects = {

/* Begin PBXBuildFile section */
		16A69F1E97A4FF9E1716395B /* Pods_iLearningTests.framework in Frameworks */ = {isa = PBXBuildFile; fileRef = A23619AE1F32A294040B2914 /* Pods_iLearningTests.framework */; };
		8E0DF995C2C16957BFB7140F /* Pods_iLearning_iLearningUITests.framework in Frameworks */ = {isa = PBXBuildFile; fileRef = BE97DEE5A4203D5C55E8D55F /* Pods_iLearning_iLearningUITests.framework */; };
		D71966EF0C363CD4C0E26742 /* Pods_iLearning.framework in Frameworks */ = {isa = PBXBuildFile; fileRef = 8232A45F5BD92C97948EB2E5 /* Pods_iLearning.framework */; };
		D887A425293F202800A0AAA9 /* KFAnimatedImage.swift in Sources */ = {isa = PBXBuildFile; fileRef = D887A424293F202800A0AAA9 /* KFAnimatedImage.swift */; };
		D887A428293F634600A0AAA9 /* online-classroom.gif in Resources */ = {isa = PBXBuildFile; fileRef = D887A427293F634600A0AAA9 /* online-classroom.gif */; };
		D887A42A293F634C00A0AAA9 /* online-course.gif in Resources */ = {isa = PBXBuildFile; fileRef = D887A429293F634C00A0AAA9 /* online-course.gif */; };
		D887A42C293F635300A0AAA9 /* online-discussion.gif in Resources */ = {isa = PBXBuildFile; fileRef = D887A42B293F635300A0AAA9 /* online-discussion.gif */; };
		D887A42F293F657100A0AAA9 /* PrimaryButton.swift in Sources */ = {isa = PBXBuildFile; fileRef = D887A42E293F657100A0AAA9 /* PrimaryButton.swift */; };
		D887A432293F65DC00A0AAA9 /* ButtonModifier.swift in Sources */ = {isa = PBXBuildFile; fileRef = D887A431293F65DC00A0AAA9 /* ButtonModifier.swift */; };
		D887A436293F66D500A0AAA9 /* R.generated.swift in Sources */ = {isa = PBXBuildFile; fileRef = D887A435293F66D500A0AAA9 /* R.generated.swift */; };
		D887A438293F698C00A0AAA9 /* Color+Extension.swift in Sources */ = {isa = PBXBuildFile; fileRef = D887A437293F698C00A0AAA9 /* Color+Extension.swift */; };
		D887A43A293F6AF000A0AAA9 /* Spacers.swift in Sources */ = {isa = PBXBuildFile; fileRef = D887A439293F6AF000A0AAA9 /* Spacers.swift */; };
		D887A43D293F6D1300A0AAA9 /* OnboardView.strings in Resources */ = {isa = PBXBuildFile; fileRef = D887A43F293F6D1300A0AAA9 /* OnboardView.strings */; };
		D887A442293F6F5500A0AAA9 /* StringResource+Extension.swift in Sources */ = {isa = PBXBuildFile; fileRef = D887A441293F6F5500A0AAA9 /* StringResource+Extension.swift */; };
		D887A444293F6F8100A0AAA9 /* LanguageManager.swift in Sources */ = {isa = PBXBuildFile; fileRef = D887A443293F6F8100A0AAA9 /* LanguageManager.swift */; };
		D887A447293F6FB700A0AAA9 /* NotificationDispatcher.swift in Sources */ = {isa = PBXBuildFile; fileRef = D887A446293F6FB700A0AAA9 /* NotificationDispatcher.swift */; };
		D887A44929405B4C00A0AAA9 /* OnboardViewModel.swift in Sources */ = {isa = PBXBuildFile; fileRef = D887A44829405B4C00A0AAA9 /* OnboardViewModel.swift */; };
		D887A44E294063AD00A0AAA9 /* AppPreference.swift in Sources */ = {isa = PBXBuildFile; fileRef = D887A44D294063AD00A0AAA9 /* AppPreference.swift */; };
		D887A45029406C1F00A0AAA9 /* OnboardView.swift in Sources */ = {isa = PBXBuildFile; fileRef = D887A44F29406C1F00A0AAA9 /* OnboardView.swift */; };
		D887A455294074B400A0AAA9 /* Injector.swift in Sources */ = {isa = PBXBuildFile; fileRef = D887A454294074B400A0AAA9 /* Injector.swift */; };
		D887A4582940752300A0AAA9 /* AppAssembly.swift in Sources */ = {isa = PBXBuildFile; fileRef = D887A4572940752300A0AAA9 /* AppAssembly.swift */; };
		D887A45A2940785F00A0AAA9 /* GoogleService-Info.plist in Resources */ = {isa = PBXBuildFile; fileRef = D887A4592940785F00A0AAA9 /* GoogleService-Info.plist */; };
		D887A45C2940BEB900A0AAA9 /* online-education.gif in Resources */ = {isa = PBXBuildFile; fileRef = D887A45B2940BEB900A0AAA9 /* online-education.gif */; };
		D887A45F2940C45200A0AAA9 /* LoginScreen.strings in Resources */ = {isa = PBXBuildFile; fileRef = D887A4612940C45200A0AAA9 /* LoginScreen.strings */; };
		D887A4642942F7A400A0AAA9 /* DDLoggerProvider.swift in Sources */ = {isa = PBXBuildFile; fileRef = D887A4632942F7A400A0AAA9 /* DDLoggerProvider.swift */; };
		D8AA6342291CD4CA00F2A88A /* iLearningApp.swift in Sources */ = {isa = PBXBuildFile; fileRef = D8AA6341291CD4CA00F2A88A /* iLearningApp.swift */; };
		D8AA6344291CD4CA00F2A88A /* HomeView.swift in Sources */ = {isa = PBXBuildFile; fileRef = D8AA6343291CD4CA00F2A88A /* HomeView.swift */; };
		D8AA6346291CD4CB00F2A88A /* Assets.xcassets in Resources */ = {isa = PBXBuildFile; fileRef = D8AA6345291CD4CB00F2A88A /* Assets.xcassets */; };
		D8AA6354291CD4CB00F2A88A /* iLearningTests.swift in Sources */ = {isa = PBXBuildFile; fileRef = D8AA6353291CD4CB00F2A88A /* iLearningTests.swift */; };
		D8AA635E291CD4CB00F2A88A /* iLearningUITests.swift in Sources */ = {isa = PBXBuildFile; fileRef = D8AA635D291CD4CB00F2A88A /* iLearningUITests.swift */; };
		D8AA6360291CD4CB00F2A88A /* iLearningUITestsLaunchTests.swift in Sources */ = {isa = PBXBuildFile; fileRef = D8AA635F291CD4CB00F2A88A /* iLearningUITestsLaunchTests.swift */; };
		D8B3D58B293F10C5001E959B /* LoginView.swift in Sources */ = {isa = PBXBuildFile; fileRef = D8B3D58A293F10C5001E959B /* LoginView.swift */; };
		D8B3D58D293F1162001E959B /* AppRouteView.swift in Sources */ = {isa = PBXBuildFile; fileRef = D8B3D58C293F1162001E959B /* AppRouteView.swift */; };
		D8B3D591293F1381001E959B /* UIView+Extension.swift in Sources */ = {isa = PBXBuildFile; fileRef = D8B3D590293F1381001E959B /* UIView+Extension.swift */; };
		D8BCE96B291E2CE700BBD0D4 /* SplashView.storyboard in Resources */ = {isa = PBXBuildFile; fileRef = D8BCE96A291E2CE700BBD0D4 /* SplashView.storyboard */; };
		D8FC55CB291CDAA700106153 /* AppDelegate.swift in Sources */ = {isa = PBXBuildFile; fileRef = D8FC55CA291CDAA700106153 /* AppDelegate.swift */; };
/* End PBXBuildFile section */

/* Begin PBXContainerItemProxy section */
		D8AA6350291CD4CB00F2A88A /* PBXContainerItemProxy */ = {
			isa = PBXContainerItemProxy;
			containerPortal = D8AA6336291CD4CA00F2A88A /* Project object */;
			proxyType = 1;
			remoteGlobalIDString = D8AA633D291CD4CA00F2A88A;
			remoteInfo = iLearning;
		};
		D8AA635A291CD4CB00F2A88A /* PBXContainerItemProxy */ = {
			isa = PBXContainerItemProxy;
			containerPortal = D8AA6336291CD4CA00F2A88A /* Project object */;
			proxyType = 1;
			remoteGlobalIDString = D8AA633D291CD4CA00F2A88A;
			remoteInfo = iLearning;
		};
/* End PBXContainerItemProxy section */

/* Begin PBXFileReference section */
		0833F55FFF1946419F9D6D6F /* Pods-iLearning.debug.xcconfig */ = {isa = PBXFileReference; includeInIndex = 1; lastKnownFileType = text.xcconfig; name = "Pods-iLearning.debug.xcconfig"; path = "Target Support Files/Pods-iLearning/Pods-iLearning.debug.xcconfig"; sourceTree = "<group>"; };
		0948D2DD5E614BE4AE8D3045 /* Pods-iLearning.release.xcconfig */ = {isa = PBXFileReference; includeInIndex = 1; lastKnownFileType = text.xcconfig; name = "Pods-iLearning.release.xcconfig"; path = "Target Support Files/Pods-iLearning/Pods-iLearning.release.xcconfig"; sourceTree = "<group>"; };
		33ACC2622F4FB68E9DA17524 /* Pods-iLearning-iLearningUITests.release.xcconfig */ = {isa = PBXFileReference; includeInIndex = 1; lastKnownFileType = text.xcconfig; name = "Pods-iLearning-iLearningUITests.release.xcconfig"; path = "Target Support Files/Pods-iLearning-iLearningUITests/Pods-iLearning-iLearningUITests.release.xcconfig"; sourceTree = "<group>"; };
		64341CE8FD353BDB41E92768 /* Pods-iLearningTests.release.xcconfig */ = {isa = PBXFileReference; includeInIndex = 1; lastKnownFileType = text.xcconfig; name = "Pods-iLearningTests.release.xcconfig"; path = "Target Support Files/Pods-iLearningTests/Pods-iLearningTests.release.xcconfig"; sourceTree = "<group>"; };
		8232A45F5BD92C97948EB2E5 /* Pods_iLearning.framework */ = {isa = PBXFileReference; explicitFileType = wrapper.framework; includeInIndex = 0; path = Pods_iLearning.framework; sourceTree = BUILT_PRODUCTS_DIR; };
		A23619AE1F32A294040B2914 /* Pods_iLearningTests.framework */ = {isa = PBXFileReference; explicitFileType = wrapper.framework; includeInIndex = 0; path = Pods_iLearningTests.framework; sourceTree = BUILT_PRODUCTS_DIR; };
		BB44387E70793B8A5AD0F51E /* Pods-iLearningTests.debug.xcconfig */ = {isa = PBXFileReference; includeInIndex = 1; lastKnownFileType = text.xcconfig; name = "Pods-iLearningTests.debug.xcconfig"; path = "Target Support Files/Pods-iLearningTests/Pods-iLearningTests.debug.xcconfig"; sourceTree = "<group>"; };
		BE97DEE5A4203D5C55E8D55F /* Pods_iLearning_iLearningUITests.framework */ = {isa = PBXFileReference; explicitFileType = wrapper.framework; includeInIndex = 0; path = Pods_iLearning_iLearningUITests.framework; sourceTree = BUILT_PRODUCTS_DIR; };
		C30F047976AAC2D44BC3FAE2 /* Pods-iLearning-iLearningUITests.debug.xcconfig */ = {isa = PBXFileReference; includeInIndex = 1; lastKnownFileType = text.xcconfig; name = "Pods-iLearning-iLearningUITests.debug.xcconfig"; path = "Target Support Files/Pods-iLearning-iLearningUITests/Pods-iLearning-iLearningUITests.debug.xcconfig"; sourceTree = "<group>"; };
		D887A424293F202800A0AAA9 /* KFAnimatedImage.swift */ = {isa = PBXFileReference; lastKnownFileType = sourcecode.swift; path = KFAnimatedImage.swift; sourceTree = "<group>"; };
		D887A427293F634600A0AAA9 /* online-classroom.gif */ = {isa = PBXFileReference; lastKnownFileType = image.gif; path = "online-classroom.gif"; sourceTree = "<group>"; };
		D887A429293F634C00A0AAA9 /* online-course.gif */ = {isa = PBXFileReference; lastKnownFileType = image.gif; path = "online-course.gif"; sourceTree = "<group>"; };
		D887A42B293F635300A0AAA9 /* online-discussion.gif */ = {isa = PBXFileReference; lastKnownFileType = image.gif; path = "online-discussion.gif"; sourceTree = "<group>"; };
		D887A42E293F657100A0AAA9 /* PrimaryButton.swift */ = {isa = PBXFileReference; lastKnownFileType = sourcecode.swift; path = PrimaryButton.swift; sourceTree = "<group>"; };
		D887A431293F65DC00A0AAA9 /* ButtonModifier.swift */ = {isa = PBXFileReference; lastKnownFileType = sourcecode.swift; path = ButtonModifier.swift; sourceTree = "<group>"; };
		D887A435293F66D500A0AAA9 /* R.generated.swift */ = {isa = PBXFileReference; fileEncoding = 4; lastKnownFileType = sourcecode.swift; path = R.generated.swift; sourceTree = SOURCE_ROOT; };
		D887A437293F698C00A0AAA9 /* Color+Extension.swift */ = {isa = PBXFileReference; lastKnownFileType = sourcecode.swift; path = "Color+Extension.swift"; sourceTree = "<group>"; };
		D887A439293F6AF000A0AAA9 /* Spacers.swift */ = {isa = PBXFileReference; lastKnownFileType = sourcecode.swift; path = Spacers.swift; sourceTree = "<group>"; };
		D887A43E293F6D1300A0AAA9 /* en */ = {isa = PBXFileReference; lastKnownFileType = text.plist.strings; name = en; path = en.lproj/OnboardView.strings; sourceTree = "<group>"; };
		D887A441293F6F5500A0AAA9 /* StringResource+Extension.swift */ = {isa = PBXFileReference; lastKnownFileType = sourcecode.swift; path = "StringResource+Extension.swift"; sourceTree = "<group>"; };
		D887A443293F6F8100A0AAA9 /* LanguageManager.swift */ = {isa = PBXFileReference; lastKnownFileType = sourcecode.swift; path = LanguageManager.swift; sourceTree = "<group>"; };
		D887A446293F6FB700A0AAA9 /* NotificationDispatcher.swift */ = {isa = PBXFileReference; lastKnownFileType = sourcecode.swift; path = NotificationDispatcher.swift; sourceTree = "<group>"; };
		D887A44829405B4C00A0AAA9 /* OnboardViewModel.swift */ = {isa = PBXFileReference; lastKnownFileType = sourcecode.swift; path = OnboardViewModel.swift; sourceTree = "<group>"; };
		D887A44D294063AD00A0AAA9 /* AppPreference.swift */ = {isa = PBXFileReference; lastKnownFileType = sourcecode.swift; path = AppPreference.swift; sourceTree = "<group>"; };
		D887A44F29406C1F00A0AAA9 /* OnboardView.swift */ = {isa = PBXFileReference; lastKnownFileType = sourcecode.swift; path = OnboardView.swift; sourceTree = "<group>"; };
		D887A454294074B400A0AAA9 /* Injector.swift */ = {isa = PBXFileReference; lastKnownFileType = sourcecode.swift; path = Injector.swift; sourceTree = "<group>"; };
		D887A4572940752300A0AAA9 /* AppAssembly.swift */ = {isa = PBXFileReference; lastKnownFileType = sourcecode.swift; path = AppAssembly.swift; sourceTree = "<group>"; };
		D887A4592940785F00A0AAA9 /* GoogleService-Info.plist */ = {isa = PBXFileReference; fileEncoding = 4; lastKnownFileType = text.plist.xml; path = "GoogleService-Info.plist"; sourceTree = "<group>"; };
		D887A45B2940BEB900A0AAA9 /* online-education.gif */ = {isa = PBXFileReference; lastKnownFileType = image.gif; path = "online-education.gif"; sourceTree = "<group>"; };
		D887A4602940C45200A0AAA9 /* en */ = {isa = PBXFileReference; lastKnownFileType = text.plist.strings; name = en; path = en.lproj/LoginScreen.strings; sourceTree = "<group>"; };
		D887A4632942F7A400A0AAA9 /* DDLoggerProvider.swift */ = {isa = PBXFileReference; lastKnownFileType = sourcecode.swift; path = DDLoggerProvider.swift; sourceTree = "<group>"; };
		D8AA633E291CD4CA00F2A88A /* iLearning.app */ = {isa = PBXFileReference; explicitFileType = wrapper.application; includeInIndex = 0; path = iLearning.app; sourceTree = BUILT_PRODUCTS_DIR; };
		D8AA6341291CD4CA00F2A88A /* iLearningApp.swift */ = {isa = PBXFileReference; lastKnownFileType = sourcecode.swift; path = iLearningApp.swift; sourceTree = "<group>"; };
		D8AA6343291CD4CA00F2A88A /* HomeView.swift */ = {isa = PBXFileReference; lastKnownFileType = sourcecode.swift; path = HomeView.swift; sourceTree = "<group>"; };
		D8AA6345291CD4CB00F2A88A /* Assets.xcassets */ = {isa = PBXFileReference; lastKnownFileType = folder.assetcatalog; path = Assets.xcassets; sourceTree = "<group>"; };
		D8AA6347291CD4CB00F2A88A /* iLearning.entitlements */ = {isa = PBXFileReference; lastKnownFileType = text.plist.entitlements; path = iLearning.entitlements; sourceTree = "<group>"; };
		D8AA634F291CD4CB00F2A88A /* iLearningTests.xctest */ = {isa = PBXFileReference; explicitFileType = wrapper.cfbundle; includeInIndex = 0; path = iLearningTests.xctest; sourceTree = BUILT_PRODUCTS_DIR; };
		D8AA6353291CD4CB00F2A88A /* iLearningTests.swift */ = {isa = PBXFileReference; lastKnownFileType = sourcecode.swift; path = iLearningTests.swift; sourceTree = "<group>"; };
		D8AA6359291CD4CB00F2A88A /* iLearningUITests.xctest */ = {isa = PBXFileReference; explicitFileType = wrapper.cfbundle; includeInIndex = 0; path = iLearningUITests.xctest; sourceTree = BUILT_PRODUCTS_DIR; };
		D8AA635D291CD4CB00F2A88A /* iLearningUITests.swift */ = {isa = PBXFileReference; lastKnownFileType = sourcecode.swift; path = iLearningUITests.swift; sourceTree = "<group>"; };
		D8AA635F291CD4CB00F2A88A /* iLearningUITestsLaunchTests.swift */ = {isa = PBXFileReference; lastKnownFileType = sourcecode.swift; path = iLearningUITestsLaunchTests.swift; sourceTree = "<group>"; };
		D8B3D58A293F10C5001E959B /* LoginView.swift */ = {isa = PBXFileReference; lastKnownFileType = sourcecode.swift; path = LoginView.swift; sourceTree = "<group>"; };
		D8B3D58C293F1162001E959B /* AppRouteView.swift */ = {isa = PBXFileReference; lastKnownFileType = sourcecode.swift; path = AppRouteView.swift; sourceTree = "<group>"; };
		D8B3D590293F1381001E959B /* UIView+Extension.swift */ = {isa = PBXFileReference; lastKnownFileType = sourcecode.swift; path = "UIView+Extension.swift"; sourceTree = "<group>"; };
		D8BCE96A291E2CE700BBD0D4 /* SplashView.storyboard */ = {isa = PBXFileReference; fileEncoding = 4; lastKnownFileType = file.storyboard; path = SplashView.storyboard; sourceTree = "<group>"; };
		D8FC55CA291CDAA700106153 /* AppDelegate.swift */ = {isa = PBXFileReference; lastKnownFileType = sourcecode.swift; path = AppDelegate.swift; sourceTree = "<group>"; };
/* End PBXFileReference section */

/* Begin PBXFrameworksBuildPhase section */
		D8AA633B291CD4CA00F2A88A /* Frameworks */ = {
			isa = PBXFrameworksBuildPhase;
			buildActionMask = 2147483647;
			files = (
				D71966EF0C363CD4C0E26742 /* Pods_iLearning.framework in Frameworks */,
			);
			runOnlyForDeploymentPostprocessing = 0;
		};
		D8AA634C291CD4CB00F2A88A /* Frameworks */ = {
			isa = PBXFrameworksBuildPhase;
			buildActionMask = 2147483647;
			files = (
				16A69F1E97A4FF9E1716395B /* Pods_iLearningTests.framework in Frameworks */,
			);
			runOnlyForDeploymentPostprocessing = 0;
		};
		D8AA6356291CD4CB00F2A88A /* Frameworks */ = {
			isa = PBXFrameworksBuildPhase;
			buildActionMask = 2147483647;
			files = (
				8E0DF995C2C16957BFB7140F /* Pods_iLearning_iLearningUITests.framework in Frameworks */,
			);
			runOnlyForDeploymentPostprocessing = 0;
		};
/* End PBXFrameworksBuildPhase section */

/* Begin PBXGroup section */
		30C40471347572D77FFAADDC /* Pods */ = {
			isa = PBXGroup;
			children = (
				0833F55FFF1946419F9D6D6F /* Pods-iLearning.debug.xcconfig */,
				0948D2DD5E614BE4AE8D3045 /* Pods-iLearning.release.xcconfig */,
				C30F047976AAC2D44BC3FAE2 /* Pods-iLearning-iLearningUITests.debug.xcconfig */,
				33ACC2622F4FB68E9DA17524 /* Pods-iLearning-iLearningUITests.release.xcconfig */,
				BB44387E70793B8A5AD0F51E /* Pods-iLearningTests.debug.xcconfig */,
				64341CE8FD353BDB41E92768 /* Pods-iLearningTests.release.xcconfig */,
			);
			path = Pods;
			sourceTree = "<group>";
		};
		A41EC97E5298A1B945D7BF08 /* Frameworks */ = {
			isa = PBXGroup;
			children = (
				8232A45F5BD92C97948EB2E5 /* Pods_iLearning.framework */,
				BE97DEE5A4203D5C55E8D55F /* Pods_iLearning_iLearningUITests.framework */,
				A23619AE1F32A294040B2914 /* Pods_iLearningTests.framework */,
			);
			name = Frameworks;
			sourceTree = "<group>";
		};
		D887A426293F202B00A0AAA9 /* Utils */ = {
			isa = PBXGroup;
			children = (
				D887A424293F202800A0AAA9 /* KFAnimatedImage.swift */,
			);
			path = Utils;
			sourceTree = "<group>";
		};
		D887A42D293F635A00A0AAA9 /* GIF */ = {
			isa = PBXGroup;
			children = (
				D887A42B293F635300A0AAA9 /* online-discussion.gif */,
				D887A45B2940BEB900A0AAA9 /* online-education.gif */,
				D887A429293F634C00A0AAA9 /* online-course.gif */,
				D887A427293F634600A0AAA9 /* online-classroom.gif */,
			);
			path = GIF;
			sourceTree = "<group>";
		};
		D887A430293F657700A0AAA9 /* HelperView */ = {
			isa = PBXGroup;
			children = (
				D887A439293F6AF000A0AAA9 /* Spacers.swift */,
				D887A42E293F657100A0AAA9 /* PrimaryButton.swift */,
			);
			path = HelperView;
			sourceTree = "<group>";
		};
		D887A433293F65F700A0AAA9 /* Modifier */ = {
			isa = PBXGroup;
			children = (
				D887A431293F65DC00A0AAA9 /* ButtonModifier.swift */,
			);
			path = Modifier;
			sourceTree = "<group>";
		};
		D887A440293F6D1800A0AAA9 /* Localizable */ = {
			isa = PBXGroup;
			children = (
				D887A43F293F6D1300A0AAA9 /* OnboardView.strings */,
				D887A4612940C45200A0AAA9 /* LoginScreen.strings */,
			);
			path = Localizable;
			sourceTree = "<group>";
		};
		D887A445293F6FAA00A0AAA9 /* Data */ = {
			isa = PBXGroup;
			children = (
				D887A4562940751200A0AAA9 /* DI */,
				D887A4652942F8AC00A0AAA9 /* Logger */,
				D887A45129406DD800A0AAA9 /* Language */,
				D887A45329406DF400A0AAA9 /* Preference */,
				D887A45229406DE700A0AAA9 /* Notification */,
			);
			path = Data;
			sourceTree = "<group>";
		};
		D887A44A29405B5100A0AAA9 /* Onboard */ = {
			isa = PBXGroup;
			children = (
				D887A44F29406C1F00A0AAA9 /* OnboardView.swift */,
				D887A44829405B4C00A0AAA9 /* OnboardViewModel.swift */,
			);
			path = Onboard;
			sourceTree = "<group>";
		};
		D887A44B29405CD600A0AAA9 /* Login */ = {
			isa = PBXGroup;
			children = (
				D8B3D58A293F10C5001E959B /* LoginView.swift */,
			);
			path = Login;
			sourceTree = "<group>";
		};
		D887A44C29405CDD00A0AAA9 /* Main */ = {
			isa = PBXGroup;
			children = (
				D8AA6343291CD4CA00F2A88A /* HomeView.swift */,
			);
			path = Main;
			sourceTree = "<group>";
		};
		D887A45129406DD800A0AAA9 /* Language */ = {
			isa = PBXGroup;
			children = (
				D887A443293F6F8100A0AAA9 /* LanguageManager.swift */,
			);
			path = Language;
			sourceTree = "<group>";
		};
		D887A45229406DE700A0AAA9 /* Notification */ = {
			isa = PBXGroup;
			children = (
				D887A446293F6FB700A0AAA9 /* NotificationDispatcher.swift */,
			);
			path = Notification;
			sourceTree = "<group>";
		};
		D887A45329406DF400A0AAA9 /* Preference */ = {
			isa = PBXGroup;
			children = (
				D887A44D294063AD00A0AAA9 /* AppPreference.swift */,
			);
			path = Preference;
			sourceTree = "<group>";
		};
		D887A4562940751200A0AAA9 /* DI */ = {
			isa = PBXGroup;
			children = (
				D887A454294074B400A0AAA9 /* Injector.swift */,
				D887A4572940752300A0AAA9 /* AppAssembly.swift */,
			);
			path = DI;
			sourceTree = "<group>";
		};
		D887A4652942F8AC00A0AAA9 /* Logger */ = {
			isa = PBXGroup;
			children = (
				D887A4632942F7A400A0AAA9 /* DDLoggerProvider.swift */,
			);
			path = Logger;
			sourceTree = "<group>";
		};
		D8AA6335291CD4CA00F2A88A = {
			isa = PBXGroup;
			children = (
				D8AA6340291CD4CA00F2A88A /* iLearning */,
				D8AA6352291CD4CB00F2A88A /* iLearningTests */,
				D8AA635C291CD4CB00F2A88A /* iLearningUITests */,
				D8AA633F291CD4CA00F2A88A /* Products */,
				30C40471347572D77FFAADDC /* Pods */,
				A41EC97E5298A1B945D7BF08 /* Frameworks */,
			);
			sourceTree = "<group>";
		};
		D8AA633F291CD4CA00F2A88A /* Products */ = {
			isa = PBXGroup;
			children = (
				D8AA633E291CD4CA00F2A88A /* iLearning.app */,
				D8AA634F291CD4CB00F2A88A /* iLearningTests.xctest */,
				D8AA6359291CD4CB00F2A88A /* iLearningUITests.xctest */,
			);
			name = Products;
			sourceTree = "<group>";
		};
		D8AA6340291CD4CA00F2A88A /* iLearning */ = {
			isa = PBXGroup;
			children = (
				D8BCE96A291E2CE700BBD0D4 /* SplashView.storyboard */,
				D8AA6347291CD4CB00F2A88A /* iLearning.entitlements */,
				D887A4592940785F00A0AAA9 /* GoogleService-Info.plist */,
				D887A435293F66D500A0AAA9 /* R.generated.swift */,
				D8AA6341291CD4CA00F2A88A /* iLearningApp.swift */,
				D8FC55CA291CDAA700106153 /* AppDelegate.swift */,
				D8B3D588293F0F45001E959B /* Resources */,
				D887A445293F6FAA00A0AAA9 /* Data */,
				D8B3D589293F10B8001E959B /* UI */,
				D887A426293F202B00A0AAA9 /* Utils */,
				D887A433293F65F700A0AAA9 /* Modifier */,
				D887A430293F657700A0AAA9 /* HelperView */,
				D8B3D592293F139B001E959B /* Extension */,
			);
			path = iLearning;
			sourceTree = "<group>";
		};
		D8AA6352291CD4CB00F2A88A /* iLearningTests */ = {
			isa = PBXGroup;
			children = (
				D8AA6353291CD4CB00F2A88A /* iLearningTests.swift */,
			);
			path = iLearningTests;
			sourceTree = "<group>";
		};
		D8AA635C291CD4CB00F2A88A /* iLearningUITests */ = {
			isa = PBXGroup;
			children = (
				D8AA635D291CD4CB00F2A88A /* iLearningUITests.swift */,
				D8AA635F291CD4CB00F2A88A /* iLearningUITestsLaunchTests.swift */,
			);
			path = iLearningUITests;
			sourceTree = "<group>";
		};
		D8B3D588293F0F45001E959B /* Resources */ = {
			isa = PBXGroup;
			children = (
				D8AA6345291CD4CB00F2A88A /* Assets.xcassets */,
				D887A42D293F635A00A0AAA9 /* GIF */,
				D887A440293F6D1800A0AAA9 /* Localizable */,
			);
			path = Resources;
			sourceTree = "<group>";
		};
		D8B3D589293F10B8001E959B /* UI */ = {
			isa = PBXGroup;
			children = (
				D8B3D58C293F1162001E959B /* AppRouteView.swift */,
				D887A44A29405B5100A0AAA9 /* Onboard */,
				D887A44B29405CD600A0AAA9 /* Login */,
				D887A44C29405CDD00A0AAA9 /* Main */,
			);
			path = UI;
			sourceTree = "<group>";
		};
		D8B3D592293F139B001E959B /* Extension */ = {
			isa = PBXGroup;
			children = (
				D8B3D590293F1381001E959B /* UIView+Extension.swift */,
				D887A437293F698C00A0AAA9 /* Color+Extension.swift */,
				D887A441293F6F5500A0AAA9 /* StringResource+Extension.swift */,
			);
			path = Extension;
			sourceTree = "<group>";
		};
/* End PBXGroup section */

/* Begin PBXNativeTarget section */
		D8AA633D291CD4CA00F2A88A /* iLearning */ = {
			isa = PBXNativeTarget;
			buildConfigurationList = D8AA6363291CD4CB00F2A88A /* Build configuration list for PBXNativeTarget "iLearning" */;
			buildPhases = (
				CB5936CF1D3A071EFBBF6448 /* [CP] Check Pods Manifest.lock */,
				D887A434293F667C00A0AAA9 /* R.Swift */,
				D887A4622942F01D00A0AAA9 /* SwiftLint */,
				D8AA633A291CD4CA00F2A88A /* Sources */,
				D8AA633B291CD4CA00F2A88A /* Frameworks */,
				D8AA633C291CD4CA00F2A88A /* Resources */,
				73950F859E10BF7833C384CF /* [CP] Embed Pods Frameworks */,
			);
			buildRules = (
			);
			dependencies = (
			);
			name = iLearning;
			productName = iLearning;
			productReference = D8AA633E291CD4CA00F2A88A /* iLearning.app */;
			productType = "com.apple.product-type.application";
		};
		D8AA634E291CD4CB00F2A88A /* iLearningTests */ = {
			isa = PBXNativeTarget;
			buildConfigurationList = D8AA6366291CD4CB00F2A88A /* Build configuration list for PBXNativeTarget "iLearningTests" */;
			buildPhases = (
				5065DB7F1ACE0F48A68A287F /* [CP] Check Pods Manifest.lock */,
				D8AA634B291CD4CB00F2A88A /* Sources */,
				D8AA634C291CD4CB00F2A88A /* Frameworks */,
				D8AA634D291CD4CB00F2A88A /* Resources */,
			);
			buildRules = (
			);
			dependencies = (
				D8AA6351291CD4CB00F2A88A /* PBXTargetDependency */,
			);
			name = iLearningTests;
			productName = iLearningTests;
			productReference = D8AA634F291CD4CB00F2A88A /* iLearningTests.xctest */;
			productType = "com.apple.product-type.bundle.unit-test";
		};
		D8AA6358291CD4CB00F2A88A /* iLearningUITests */ = {
			isa = PBXNativeTarget;
			buildConfigurationList = D8AA6369291CD4CB00F2A88A /* Build configuration list for PBXNativeTarget "iLearningUITests" */;
			buildPhases = (
				887FCA2BB40F2EEAA352D916 /* [CP] Check Pods Manifest.lock */,
				D8AA6355291CD4CB00F2A88A /* Sources */,
				D8AA6356291CD4CB00F2A88A /* Frameworks */,
				D8AA6357291CD4CB00F2A88A /* Resources */,
				57FB522BEEBCC06C919181BF /* [CP] Embed Pods Frameworks */,
			);
			buildRules = (
			);
			dependencies = (
				D8AA635B291CD4CB00F2A88A /* PBXTargetDependency */,
			);
			name = iLearningUITests;
			productName = iLearningUITests;
			productReference = D8AA6359291CD4CB00F2A88A /* iLearningUITests.xctest */;
			productType = "com.apple.product-type.bundle.ui-testing";
		};
/* End PBXNativeTarget section */

/* Begin PBXProject section */
		D8AA6336291CD4CA00F2A88A /* Project object */ = {
			isa = PBXProject;
			attributes = {
				BuildIndependentTargetsInParallel = 1;
				LastSwiftUpdateCheck = 1400;
				LastUpgradeCheck = 1400;
				TargetAttributes = {
					D8AA633D291CD4CA00F2A88A = {
						CreatedOnToolsVersion = 14.0;
					};
					D8AA634E291CD4CB00F2A88A = {
						CreatedOnToolsVersion = 14.0;
						TestTargetID = D8AA633D291CD4CA00F2A88A;
					};
					D8AA6358291CD4CB00F2A88A = {
						CreatedOnToolsVersion = 14.0;
						TestTargetID = D8AA633D291CD4CA00F2A88A;
					};
				};
			};
			buildConfigurationList = D8AA6339291CD4CA00F2A88A /* Build configuration list for PBXProject "iLearning" */;
			compatibilityVersion = "Xcode 14.0";
			developmentRegion = en;
			hasScannedForEncodings = 0;
			knownRegions = (
				en,
				Base,
			);
			mainGroup = D8AA6335291CD4CA00F2A88A;
			productRefGroup = D8AA633F291CD4CA00F2A88A /* Products */;
			projectDirPath = "";
			projectRoot = "";
			targets = (
				D8AA633D291CD4CA00F2A88A /* iLearning */,
				D8AA634E291CD4CB00F2A88A /* iLearningTests */,
				D8AA6358291CD4CB00F2A88A /* iLearningUITests */,
			);
		};
/* End PBXProject section */

/* Begin PBXResourcesBuildPhase section */
		D8AA633C291CD4CA00F2A88A /* Resources */ = {
			isa = PBXResourcesBuildPhase;
			buildActionMask = 2147483647;
			files = (
				D887A42C293F635300A0AAA9 /* online-discussion.gif in Resources */,
				D887A43D293F6D1300A0AAA9 /* OnboardView.strings in Resources */,
				D887A42A293F634C00A0AAA9 /* online-course.gif in Resources */,
				D8BCE96B291E2CE700BBD0D4 /* SplashView.storyboard in Resources */,
				D887A45F2940C45200A0AAA9 /* LoginScreen.strings in Resources */,
				D8AA6346291CD4CB00F2A88A /* Assets.xcassets in Resources */,
				D887A428293F634600A0AAA9 /* online-classroom.gif in Resources */,
				D887A45C2940BEB900A0AAA9 /* online-education.gif in Resources */,
				D887A45A2940785F00A0AAA9 /* GoogleService-Info.plist in Resources */,
			);
			runOnlyForDeploymentPostprocessing = 0;
		};
		D8AA634D291CD4CB00F2A88A /* Resources */ = {
			isa = PBXResourcesBuildPhase;
			buildActionMask = 2147483647;
			files = (
			);
			runOnlyForDeploymentPostprocessing = 0;
		};
		D8AA6357291CD4CB00F2A88A /* Resources */ = {
			isa = PBXResourcesBuildPhase;
			buildActionMask = 2147483647;
			files = (
			);
			runOnlyForDeploymentPostprocessing = 0;
		};
/* End PBXResourcesBuildPhase section */

/* Begin PBXShellScriptBuildPhase section */
		5065DB7F1ACE0F48A68A287F /* [CP] Check Pods Manifest.lock */ = {
			isa = PBXShellScriptBuildPhase;
			buildActionMask = 2147483647;
			files = (
			);
			inputFileListPaths = (
			);
			inputPaths = (
				"${PODS_PODFILE_DIR_PATH}/Podfile.lock",
				"${PODS_ROOT}/Manifest.lock",
			);
			name = "[CP] Check Pods Manifest.lock";
			outputFileListPaths = (
			);
			outputPaths = (
				"$(DERIVED_FILE_DIR)/Pods-iLearningTests-checkManifestLockResult.txt",
			);
			runOnlyForDeploymentPostprocessing = 0;
			shellPath = /bin/sh;
			shellScript = "diff \"${PODS_PODFILE_DIR_PATH}/Podfile.lock\" \"${PODS_ROOT}/Manifest.lock\" > /dev/null\nif [ $? != 0 ] ; then\n    # print error to STDERR\n    echo \"error: The sandbox is not in sync with the Podfile.lock. Run 'pod install' or update your CocoaPods installation.\" >&2\n    exit 1\nfi\n# This output is used by Xcode 'outputs' to avoid re-running this script phase.\necho \"SUCCESS\" > \"${SCRIPT_OUTPUT_FILE_0}\"\n";
			showEnvVarsInLog = 0;
		};
		57FB522BEEBCC06C919181BF /* [CP] Embed Pods Frameworks */ = {
			isa = PBXShellScriptBuildPhase;
			buildActionMask = 2147483647;
			files = (
			);
			inputFileListPaths = (
				"${PODS_ROOT}/Target Support Files/Pods-iLearning-iLearningUITests/Pods-iLearning-iLearningUITests-frameworks-${CONFIGURATION}-input-files.xcfilelist",
			);
			name = "[CP] Embed Pods Frameworks";
			outputFileListPaths = (
				"${PODS_ROOT}/Target Support Files/Pods-iLearning-iLearningUITests/Pods-iLearning-iLearningUITests-frameworks-${CONFIGURATION}-output-files.xcfilelist",
			);
			runOnlyForDeploymentPostprocessing = 0;
			shellPath = /bin/sh;
			shellScript = "\"${PODS_ROOT}/Target Support Files/Pods-iLearning-iLearningUITests/Pods-iLearning-iLearningUITests-frameworks.sh\"\n";
			showEnvVarsInLog = 0;
		};
		73950F859E10BF7833C384CF /* [CP] Embed Pods Frameworks */ = {
			isa = PBXShellScriptBuildPhase;
			buildActionMask = 2147483647;
			files = (
			);
			inputFileListPaths = (
				"${PODS_ROOT}/Target Support Files/Pods-iLearning/Pods-iLearning-frameworks-${CONFIGURATION}-input-files.xcfilelist",
			);
			name = "[CP] Embed Pods Frameworks";
			outputFileListPaths = (
				"${PODS_ROOT}/Target Support Files/Pods-iLearning/Pods-iLearning-frameworks-${CONFIGURATION}-output-files.xcfilelist",
			);
			runOnlyForDeploymentPostprocessing = 0;
			shellPath = /bin/sh;
			shellScript = "\"${PODS_ROOT}/Target Support Files/Pods-iLearning/Pods-iLearning-frameworks.sh\"\n";
			showEnvVarsInLog = 0;
		};
		887FCA2BB40F2EEAA352D916 /* [CP] Check Pods Manifest.lock */ = {
			isa = PBXShellScriptBuildPhase;
			buildActionMask = 2147483647;
			files = (
			);
			inputFileListPaths = (
			);
			inputPaths = (
				"${PODS_PODFILE_DIR_PATH}/Podfile.lock",
				"${PODS_ROOT}/Manifest.lock",
			);
			name = "[CP] Check Pods Manifest.lock";
			outputFileListPaths = (
			);
			outputPaths = (
				"$(DERIVED_FILE_DIR)/Pods-iLearning-iLearningUITests-checkManifestLockResult.txt",
			);
			runOnlyForDeploymentPostprocessing = 0;
			shellPath = /bin/sh;
			shellScript = "diff \"${PODS_PODFILE_DIR_PATH}/Podfile.lock\" \"${PODS_ROOT}/Manifest.lock\" > /dev/null\nif [ $? != 0 ] ; then\n    # print error to STDERR\n    echo \"error: The sandbox is not in sync with the Podfile.lock. Run 'pod install' or update your CocoaPods installation.\" >&2\n    exit 1\nfi\n# This output is used by Xcode 'outputs' to avoid re-running this script phase.\necho \"SUCCESS\" > \"${SCRIPT_OUTPUT_FILE_0}\"\n";
			showEnvVarsInLog = 0;
		};
		CB5936CF1D3A071EFBBF6448 /* [CP] Check Pods Manifest.lock */ = {
			isa = PBXShellScriptBuildPhase;
			buildActionMask = 2147483647;
			files = (
			);
			inputFileListPaths = (
			);
			inputPaths = (
				"${PODS_PODFILE_DIR_PATH}/Podfile.lock",
				"${PODS_ROOT}/Manifest.lock",
			);
			name = "[CP] Check Pods Manifest.lock";
			outputFileListPaths = (
			);
			outputPaths = (
				"$(DERIVED_FILE_DIR)/Pods-iLearning-checkManifestLockResult.txt",
			);
			runOnlyForDeploymentPostprocessing = 0;
			shellPath = /bin/sh;
			shellScript = "diff \"${PODS_PODFILE_DIR_PATH}/Podfile.lock\" \"${PODS_ROOT}/Manifest.lock\" > /dev/null\nif [ $? != 0 ] ; then\n    # print error to STDERR\n    echo \"error: The sandbox is not in sync with the Podfile.lock. Run 'pod install' or update your CocoaPods installation.\" >&2\n    exit 1\nfi\n# This output is used by Xcode 'outputs' to avoid re-running this script phase.\necho \"SUCCESS\" > \"${SCRIPT_OUTPUT_FILE_0}\"\n";
			showEnvVarsInLog = 0;
		};
		D887A434293F667C00A0AAA9 /* R.Swift */ = {
			isa = PBXShellScriptBuildPhase;
			alwaysOutOfDate = 1;
			buildActionMask = 2147483647;
			files = (
			);
			inputFileListPaths = (
			);
			inputPaths = (
			);
			name = R.Swift;
			outputFileListPaths = (
			);
			outputPaths = (
				$SRCROOT/R.generated.swift,
			);
			runOnlyForDeploymentPostprocessing = 0;
			shellPath = /bin/sh;
			shellScript = "# Type a script or drag a script file from your workspace to insert its path.\n\"$PODS_ROOT/R.swift/rswift\" generate \"$SRCROOT/R.generated.swift\"\n";
		};
		D887A4622942F01D00A0AAA9 /* SwiftLint */ = {
			isa = PBXShellScriptBuildPhase;
			alwaysOutOfDate = 1;
			buildActionMask = 2147483647;
			files = (
			);
			inputFileListPaths = (
			);
			inputPaths = (
			);
			name = SwiftLint;
			outputFileListPaths = (
			);
			outputPaths = (
			);
			runOnlyForDeploymentPostprocessing = 0;
			shellPath = /bin/sh;
			shellScript = "# Type a script or drag a script file from your workspace to insert its path.\n\"${PODS_ROOT}/SwiftLint/swiftlint\" --fix iLearning\n\"${PODS_ROOT}/SwiftLint/swiftlint\" iLearning\n";
		};
/* End PBXShellScriptBuildPhase section */

/* Begin PBXSourcesBuildPhase section */
		D8AA633A291CD4CA00F2A88A /* Sources */ = {
			isa = PBXSourcesBuildPhase;
			buildActionMask = 2147483647;
			files = (
				D887A42F293F657100A0AAA9 /* PrimaryButton.swift in Sources */,
				D887A44929405B4C00A0AAA9 /* OnboardViewModel.swift in Sources */,
				D8FC55CB291CDAA700106153 /* AppDelegate.swift in Sources */,
				D887A442293F6F5500A0AAA9 /* StringResource+Extension.swift in Sources */,
				D887A4642942F7A400A0AAA9 /* DDLoggerProvider.swift in Sources */,
				D8B3D591293F1381001E959B /* UIView+Extension.swift in Sources */,
				D8B3D58D293F1162001E959B /* AppRouteView.swift in Sources */,
				D887A447293F6FB700A0AAA9 /* NotificationDispatcher.swift in Sources */,
				D887A432293F65DC00A0AAA9 /* ButtonModifier.swift in Sources */,
				D887A455294074B400A0AAA9 /* Injector.swift in Sources */,
				D887A44E294063AD00A0AAA9 /* AppPreference.swift in Sources */,
				D8AA6344291CD4CA00F2A88A /* HomeView.swift in Sources */,
				D887A45029406C1F00A0AAA9 /* OnboardView.swift in Sources */,
				D887A438293F698C00A0AAA9 /* Color+Extension.swift in Sources */,
				D887A444293F6F8100A0AAA9 /* LanguageManager.swift in Sources */,
				D8B3D58B293F10C5001E959B /* LoginView.swift in Sources */,
				D8AA6342291CD4CA00F2A88A /* iLearningApp.swift in Sources */,
				D887A436293F66D500A0AAA9 /* R.generated.swift in Sources */,
				D887A4582940752300A0AAA9 /* AppAssembly.swift in Sources */,
				D887A425293F202800A0AAA9 /* KFAnimatedImage.swift in Sources */,
				D887A43A293F6AF000A0AAA9 /* Spacers.swift in Sources */,
			);
			runOnlyForDeploymentPostprocessing = 0;
		};
		D8AA634B291CD4CB00F2A88A /* Sources */ = {
			isa = PBXSourcesBuildPhase;
			buildActionMask = 2147483647;
			files = (
				D8AA6354291CD4CB00F2A88A /* iLearningTests.swift in Sources */,
			);
			runOnlyForDeploymentPostprocessing = 0;
		};
		D8AA6355291CD4CB00F2A88A /* Sources */ = {
			isa = PBXSourcesBuildPhase;
			buildActionMask = 2147483647;
			files = (
				D8AA6360291CD4CB00F2A88A /* iLearningUITestsLaunchTests.swift in Sources */,
				D8AA635E291CD4CB00F2A88A /* iLearningUITests.swift in Sources */,
			);
			runOnlyForDeploymentPostprocessing = 0;
		};
/* End PBXSourcesBuildPhase section */

/* Begin PBXTargetDependency section */
		D8AA6351291CD4CB00F2A88A /* PBXTargetDependency */ = {
			isa = PBXTargetDependency;
			target = D8AA633D291CD4CA00F2A88A /* iLearning */;
			targetProxy = D8AA6350291CD4CB00F2A88A /* PBXContainerItemProxy */;
		};
		D8AA635B291CD4CB00F2A88A /* PBXTargetDependency */ = {
			isa = PBXTargetDependency;
			target = D8AA633D291CD4CA00F2A88A /* iLearning */;
			targetProxy = D8AA635A291CD4CB00F2A88A /* PBXContainerItemProxy */;
		};
/* End PBXTargetDependency section */

/* Begin PBXVariantGroup section */
		D887A43F293F6D1300A0AAA9 /* OnboardView.strings */ = {
			isa = PBXVariantGroup;
			children = (
				D887A43E293F6D1300A0AAA9 /* en */,
			);
			name = OnboardView.strings;
			sourceTree = "<group>";
		};
		D887A4612940C45200A0AAA9 /* LoginScreen.strings */ = {
			isa = PBXVariantGroup;
			children = (
				D887A4602940C45200A0AAA9 /* en */,
			);
			name = LoginScreen.strings;
			sourceTree = "<group>";
		};
/* End PBXVariantGroup section */

/* Begin XCBuildConfiguration section */
		D8AA6361291CD4CB00F2A88A /* Debug */ = {
			isa = XCBuildConfiguration;
			buildSettings = {
				ALWAYS_SEARCH_USER_PATHS = NO;
				CLANG_ANALYZER_NONNULL = YES;
				CLANG_ANALYZER_NUMBER_OBJECT_CONVERSION = YES_AGGRESSIVE;
				CLANG_CXX_LANGUAGE_STANDARD = "gnu++20";
				CLANG_ENABLE_MODULES = YES;
				CLANG_ENABLE_OBJC_ARC = YES;
				CLANG_ENABLE_OBJC_WEAK = YES;
				CLANG_WARN_BLOCK_CAPTURE_AUTORELEASING = YES;
				CLANG_WARN_BOOL_CONVERSION = YES;
				CLANG_WARN_COMMA = YES;
				CLANG_WARN_CONSTANT_CONVERSION = YES;
				CLANG_WARN_DEPRECATED_OBJC_IMPLEMENTATIONS = YES;
				CLANG_WARN_DIRECT_OBJC_ISA_USAGE = YES_ERROR;
				CLANG_WARN_DOCUMENTATION_COMMENTS = YES;
				CLANG_WARN_EMPTY_BODY = YES;
				CLANG_WARN_ENUM_CONVERSION = YES;
				CLANG_WARN_INFINITE_RECURSION = YES;
				CLANG_WARN_INT_CONVERSION = YES;
				CLANG_WARN_NON_LITERAL_NULL_CONVERSION = YES;
				CLANG_WARN_OBJC_IMPLICIT_RETAIN_SELF = YES;
				CLANG_WARN_OBJC_LITERAL_CONVERSION = YES;
				CLANG_WARN_OBJC_ROOT_CLASS = YES_ERROR;
				CLANG_WARN_QUOTED_INCLUDE_IN_FRAMEWORK_HEADER = YES;
				CLANG_WARN_RANGE_LOOP_ANALYSIS = YES;
				CLANG_WARN_STRICT_PROTOTYPES = YES;
				CLANG_WARN_SUSPICIOUS_MOVE = YES;
				CLANG_WARN_UNGUARDED_AVAILABILITY = YES_AGGRESSIVE;
				CLANG_WARN_UNREACHABLE_CODE = YES;
				CLANG_WARN__DUPLICATE_METHOD_MATCH = YES;
				COPY_PHASE_STRIP = NO;
				DEAD_CODE_STRIPPING = YES;
				DEBUG_INFORMATION_FORMAT = dwarf;
				ENABLE_STRICT_OBJC_MSGSEND = YES;
				ENABLE_TESTABILITY = YES;
				GCC_C_LANGUAGE_STANDARD = gnu11;
				GCC_DYNAMIC_NO_PIC = NO;
				GCC_NO_COMMON_BLOCKS = YES;
				GCC_OPTIMIZATION_LEVEL = 0;
				GCC_PREPROCESSOR_DEFINITIONS = (
					"DEBUG=1",
					"$(inherited)",
				);
				GCC_WARN_64_TO_32_BIT_CONVERSION = YES;
				GCC_WARN_ABOUT_RETURN_TYPE = YES_ERROR;
				GCC_WARN_UNDECLARED_SELECTOR = YES;
				GCC_WARN_UNINITIALIZED_AUTOS = YES_AGGRESSIVE;
				GCC_WARN_UNUSED_FUNCTION = YES;
				GCC_WARN_UNUSED_VARIABLE = YES;
				MTL_ENABLE_DEBUG_INFO = INCLUDE_SOURCE;
				MTL_FAST_MATH = YES;
				ONLY_ACTIVE_ARCH = YES;
				SWIFT_ACTIVE_COMPILATION_CONDITIONS = DEBUG;
				SWIFT_OPTIMIZATION_LEVEL = "-Onone";
			};
			name = Debug;
		};
		D8AA6362291CD4CB00F2A88A /* Release */ = {
			isa = XCBuildConfiguration;
			buildSettings = {
				ALWAYS_SEARCH_USER_PATHS = NO;
				CLANG_ANALYZER_NONNULL = YES;
				CLANG_ANALYZER_NUMBER_OBJECT_CONVERSION = YES_AGGRESSIVE;
				CLANG_CXX_LANGUAGE_STANDARD = "gnu++20";
				CLANG_ENABLE_MODULES = YES;
				CLANG_ENABLE_OBJC_ARC = YES;
				CLANG_ENABLE_OBJC_WEAK = YES;
				CLANG_WARN_BLOCK_CAPTURE_AUTORELEASING = YES;
				CLANG_WARN_BOOL_CONVERSION = YES;
				CLANG_WARN_COMMA = YES;
				CLANG_WARN_CONSTANT_CONVERSION = YES;
				CLANG_WARN_DEPRECATED_OBJC_IMPLEMENTATIONS = YES;
				CLANG_WARN_DIRECT_OBJC_ISA_USAGE = YES_ERROR;
				CLANG_WARN_DOCUMENTATION_COMMENTS = YES;
				CLANG_WARN_EMPTY_BODY = YES;
				CLANG_WARN_ENUM_CONVERSION = YES;
				CLANG_WARN_INFINITE_RECURSION = YES;
				CLANG_WARN_INT_CONVERSION = YES;
				CLANG_WARN_NON_LITERAL_NULL_CONVERSION = YES;
				CLANG_WARN_OBJC_IMPLICIT_RETAIN_SELF = YES;
				CLANG_WARN_OBJC_LITERAL_CONVERSION = YES;
				CLANG_WARN_OBJC_ROOT_CLASS = YES_ERROR;
				CLANG_WARN_QUOTED_INCLUDE_IN_FRAMEWORK_HEADER = YES;
				CLANG_WARN_RANGE_LOOP_ANALYSIS = YES;
				CLANG_WARN_STRICT_PROTOTYPES = YES;
				CLANG_WARN_SUSPICIOUS_MOVE = YES;
				CLANG_WARN_UNGUARDED_AVAILABILITY = YES_AGGRESSIVE;
				CLANG_WARN_UNREACHABLE_CODE = YES;
				CLANG_WARN__DUPLICATE_METHOD_MATCH = YES;
				COPY_PHASE_STRIP = NO;
				DEAD_CODE_STRIPPING = YES;
				DEBUG_INFORMATION_FORMAT = "dwarf-with-dsym";
				ENABLE_NS_ASSERTIONS = NO;
				ENABLE_STRICT_OBJC_MSGSEND = YES;
				GCC_C_LANGUAGE_STANDARD = gnu11;
				GCC_NO_COMMON_BLOCKS = YES;
				GCC_WARN_64_TO_32_BIT_CONVERSION = YES;
				GCC_WARN_ABOUT_RETURN_TYPE = YES_ERROR;
				GCC_WARN_UNDECLARED_SELECTOR = YES;
				GCC_WARN_UNINITIALIZED_AUTOS = YES_AGGRESSIVE;
				GCC_WARN_UNUSED_FUNCTION = YES;
				GCC_WARN_UNUSED_VARIABLE = YES;
				MTL_ENABLE_DEBUG_INFO = NO;
				MTL_FAST_MATH = YES;
				SWIFT_COMPILATION_MODE = wholemodule;
				SWIFT_OPTIMIZATION_LEVEL = "-O";
			};
			name = Release;
		};
		D8AA6364291CD4CB00F2A88A /* Debug */ = {
			isa = XCBuildConfiguration;
			baseConfigurationReference = 0833F55FFF1946419F9D6D6F /* Pods-iLearning.debug.xcconfig */;
			buildSettings = {
				ASSETCATALOG_COMPILER_APPICON_NAME = AppIcon;
				ASSETCATALOG_COMPILER_GLOBAL_ACCENT_COLOR_NAME = AccentColor;
				CODE_SIGN_ENTITLEMENTS = iLearning/iLearning.entitlements;
				CODE_SIGN_IDENTITY = "Apple Development";
				CODE_SIGN_STYLE = Automatic;
				CURRENT_PROJECT_VERSION = 1;
				DEAD_CODE_STRIPPING = YES;
				DEVELOPMENT_ASSET_PATHS = "";
				DEVELOPMENT_TEAM = S985H2T7J8;
				ENABLE_HARDENED_RUNTIME = NO;
				ENABLE_PREVIEWS = YES;
				GENERATE_INFOPLIST_FILE = YES;
				"INFOPLIST_KEY_UIApplicationSceneManifest_Generation[sdk=iphoneos*]" = YES;
				"INFOPLIST_KEY_UIApplicationSceneManifest_Generation[sdk=iphonesimulator*]" = YES;
				"INFOPLIST_KEY_UIApplicationSupportsIndirectInputEvents[sdk=iphoneos*]" = YES;
				"INFOPLIST_KEY_UIApplicationSupportsIndirectInputEvents[sdk=iphonesimulator*]" = YES;
				"INFOPLIST_KEY_UILaunchScreen_Generation[sdk=iphoneos*]" = YES;
				"INFOPLIST_KEY_UILaunchScreen_Generation[sdk=iphonesimulator*]" = YES;
				INFOPLIST_KEY_UILaunchStoryboardName = SplashView;
				"INFOPLIST_KEY_UIStatusBarStyle[sdk=iphoneos*]" = UIStatusBarStyleDefault;
				"INFOPLIST_KEY_UIStatusBarStyle[sdk=iphonesimulator*]" = UIStatusBarStyleDefault;
				INFOPLIST_KEY_UISupportedInterfaceOrientations_iPad = "UIInterfaceOrientationPortrait UIInterfaceOrientationPortraitUpsideDown UIInterfaceOrientationLandscapeLeft UIInterfaceOrientationLandscapeRight";
				INFOPLIST_KEY_UISupportedInterfaceOrientations_iPhone = "UIInterfaceOrientationPortrait UIInterfaceOrientationLandscapeLeft UIInterfaceOrientationLandscapeRight";
				IPHONEOS_DEPLOYMENT_TARGET = 16.0;
				LD_RUNPATH_SEARCH_PATHS = "$(inherited)";
				"LD_RUNPATH_SEARCH_PATHS[sdk=macosx*]" = "@executable_path/../Frameworks";
				MACOSX_DEPLOYMENT_TARGET = 12.3;
				MARKETING_VERSION = 1.0;
				PRODUCT_BUNDLE_IDENTIFIER = com.canopas.iLearnings;
				PRODUCT_NAME = "$(TARGET_NAME)";
				PROVISIONING_PROFILE_SPECIFIER = "";
				SDKROOT = auto;
				SUPPORTED_PLATFORMS = "iphoneos iphonesimulator";
				SUPPORTS_MACCATALYST = NO;
				SUPPORTS_MAC_DESIGNED_FOR_IPHONE_IPAD = NO;
				SWIFT_EMIT_LOC_STRINGS = YES;
				SWIFT_VERSION = 5.0;
				TARGETED_DEVICE_FAMILY = "1,2";
			};
			name = Debug;
		};
		D8AA6365291CD4CB00F2A88A /* Release */ = {
			isa = XCBuildConfiguration;
			baseConfigurationReference = 0948D2DD5E614BE4AE8D3045 /* Pods-iLearning.release.xcconfig */;
			buildSettings = {
				ASSETCATALOG_COMPILER_APPICON_NAME = AppIcon;
				ASSETCATALOG_COMPILER_GLOBAL_ACCENT_COLOR_NAME = AccentColor;
				CODE_SIGN_ENTITLEMENTS = iLearning/iLearning.entitlements;
				CODE_SIGN_IDENTITY = "Apple Distribution";
				"CODE_SIGN_IDENTITY[sdk=iphoneos*]" = "iPhone Distribution";
				CODE_SIGN_STYLE = Manual;
				CURRENT_PROJECT_VERSION = 1;
				DEAD_CODE_STRIPPING = YES;
				DEVELOPMENT_ASSET_PATHS = "";
				DEVELOPMENT_TEAM = "";
				"DEVELOPMENT_TEAM[sdk=iphoneos*]" = S985H2T7J8;
				ENABLE_HARDENED_RUNTIME = NO;
				ENABLE_PREVIEWS = YES;
				GENERATE_INFOPLIST_FILE = YES;
				"INFOPLIST_KEY_UIApplicationSceneManifest_Generation[sdk=iphoneos*]" = YES;
				"INFOPLIST_KEY_UIApplicationSceneManifest_Generation[sdk=iphonesimulator*]" = YES;
				"INFOPLIST_KEY_UIApplicationSupportsIndirectInputEvents[sdk=iphoneos*]" = YES;
				"INFOPLIST_KEY_UIApplicationSupportsIndirectInputEvents[sdk=iphonesimulator*]" = YES;
				"INFOPLIST_KEY_UILaunchScreen_Generation[sdk=iphoneos*]" = YES;
				"INFOPLIST_KEY_UILaunchScreen_Generation[sdk=iphonesimulator*]" = YES;
				INFOPLIST_KEY_UILaunchStoryboardName = SplashView;
				"INFOPLIST_KEY_UIStatusBarStyle[sdk=iphoneos*]" = UIStatusBarStyleDefault;
				"INFOPLIST_KEY_UIStatusBarStyle[sdk=iphonesimulator*]" = UIStatusBarStyleDefault;
				INFOPLIST_KEY_UISupportedInterfaceOrientations_iPad = "UIInterfaceOrientationPortrait UIInterfaceOrientationPortraitUpsideDown UIInterfaceOrientationLandscapeLeft UIInterfaceOrientationLandscapeRight";
				INFOPLIST_KEY_UISupportedInterfaceOrientations_iPhone = "UIInterfaceOrientationPortrait UIInterfaceOrientationLandscapeLeft UIInterfaceOrientationLandscapeRight";
				IPHONEOS_DEPLOYMENT_TARGET = 16.0;
				LD_RUNPATH_SEARCH_PATHS = "$(inherited)";
				"LD_RUNPATH_SEARCH_PATHS[sdk=macosx*]" = "@executable_path/../Frameworks";
				MACOSX_DEPLOYMENT_TARGET = 12.3;
				MARKETING_VERSION = 1.0;
				PRODUCT_BUNDLE_IDENTIFIER = com.canopas.iLearnings;
				PRODUCT_NAME = "$(TARGET_NAME)";
				PROVISIONING_PROFILE_SPECIFIER = "";
				"PROVISIONING_PROFILE_SPECIFIER[sdk=iphoneos*]" = "provision-ilearning-distribution-2022-12-09";
				SDKROOT = auto;
				SUPPORTED_PLATFORMS = "iphoneos iphonesimulator";
				SUPPORTS_MACCATALYST = NO;
				SUPPORTS_MAC_DESIGNED_FOR_IPHONE_IPAD = NO;
				SWIFT_EMIT_LOC_STRINGS = YES;
				SWIFT_VERSION = 5.0;
				TARGETED_DEVICE_FAMILY = "1,2";
			};
			name = Release;
		};
		D8AA6367291CD4CB00F2A88A /* Debug */ = {
			isa = XCBuildConfiguration;
			baseConfigurationReference = BB44387E70793B8A5AD0F51E /* Pods-iLearningTests.debug.xcconfig */;
			buildSettings = {
				ALWAYS_EMBED_SWIFT_STANDARD_LIBRARIES = "$(inherited)";
				BUNDLE_LOADER = "$(TEST_HOST)";
				CODE_SIGN_STYLE = Automatic;
				CURRENT_PROJECT_VERSION = 1;
				DEAD_CODE_STRIPPING = YES;
				DEVELOPMENT_TEAM = N8562Q559W;
				GENERATE_INFOPLIST_FILE = YES;
				IPHONEOS_DEPLOYMENT_TARGET = 16.0;
				MACOSX_DEPLOYMENT_TARGET = 12.3;
				MARKETING_VERSION = 1.0;
				PRODUCT_BUNDLE_IDENTIFIER = com.canopas.iLearningTests;
				PRODUCT_NAME = "$(TARGET_NAME)";
				SDKROOT = auto;
				SUPPORTED_PLATFORMS = "iphoneos iphonesimulator macosx";
				SWIFT_EMIT_LOC_STRINGS = NO;
				SWIFT_VERSION = 5.0;
				TARGETED_DEVICE_FAMILY = "1,2";
				TEST_HOST = "$(BUILT_PRODUCTS_DIR)/iLearning.app/$(BUNDLE_EXECUTABLE_FOLDER_PATH)/iLearning";
			};
			name = Debug;
		};
		D8AA6368291CD4CB00F2A88A /* Release */ = {
			isa = XCBuildConfiguration;
			baseConfigurationReference = 64341CE8FD353BDB41E92768 /* Pods-iLearningTests.release.xcconfig */;
			buildSettings = {
				ALWAYS_EMBED_SWIFT_STANDARD_LIBRARIES = "$(inherited)";
				BUNDLE_LOADER = "$(TEST_HOST)";
				CODE_SIGN_STYLE = Automatic;
				CURRENT_PROJECT_VERSION = 1;
				DEAD_CODE_STRIPPING = YES;
				DEVELOPMENT_TEAM = N8562Q559W;
				GENERATE_INFOPLIST_FILE = YES;
				IPHONEOS_DEPLOYMENT_TARGET = 16.0;
				MACOSX_DEPLOYMENT_TARGET = 12.3;
				MARKETING_VERSION = 1.0;
				PRODUCT_BUNDLE_IDENTIFIER = com.canopas.iLearningTests;
				PRODUCT_NAME = "$(TARGET_NAME)";
				SDKROOT = auto;
				SUPPORTED_PLATFORMS = "iphoneos iphonesimulator macosx";
				SWIFT_EMIT_LOC_STRINGS = NO;
				SWIFT_VERSION = 5.0;
				TARGETED_DEVICE_FAMILY = "1,2";
				TEST_HOST = "$(BUILT_PRODUCTS_DIR)/iLearning.app/$(BUNDLE_EXECUTABLE_FOLDER_PATH)/iLearning";
			};
			name = Release;
		};
		D8AA636A291CD4CB00F2A88A /* Debug */ = {
			isa = XCBuildConfiguration;
			baseConfigurationReference = C30F047976AAC2D44BC3FAE2 /* Pods-iLearning-iLearningUITests.debug.xcconfig */;
			buildSettings = {
				ALWAYS_EMBED_SWIFT_STANDARD_LIBRARIES = "$(inherited)";
				CODE_SIGN_STYLE = Automatic;
				CURRENT_PROJECT_VERSION = 1;
				DEAD_CODE_STRIPPING = YES;
				DEVELOPMENT_TEAM = N8562Q559W;
				GENERATE_INFOPLIST_FILE = YES;
				IPHONEOS_DEPLOYMENT_TARGET = 16.0;
				MACOSX_DEPLOYMENT_TARGET = 12.3;
				MARKETING_VERSION = 1.0;
				PRODUCT_BUNDLE_IDENTIFIER = com.canopas.iLearningUITests;
				PRODUCT_NAME = "$(TARGET_NAME)";
				SDKROOT = auto;
				SUPPORTED_PLATFORMS = "iphoneos iphonesimulator macosx";
				SWIFT_EMIT_LOC_STRINGS = NO;
				SWIFT_VERSION = 5.0;
				TARGETED_DEVICE_FAMILY = "1,2";
				TEST_TARGET_NAME = iLearning;
			};
			name = Debug;
		};
		D8AA636B291CD4CB00F2A88A /* Release */ = {
			isa = XCBuildConfiguration;
			baseConfigurationReference = 33ACC2622F4FB68E9DA17524 /* Pods-iLearning-iLearningUITests.release.xcconfig */;
			buildSettings = {
				ALWAYS_EMBED_SWIFT_STANDARD_LIBRARIES = "$(inherited)";
				CODE_SIGN_STYLE = Automatic;
				CURRENT_PROJECT_VERSION = 1;
				DEAD_CODE_STRIPPING = YES;
				DEVELOPMENT_TEAM = N8562Q559W;
				GENERATE_INFOPLIST_FILE = YES;
				IPHONEOS_DEPLOYMENT_TARGET = 16.0;
				MACOSX_DEPLOYMENT_TARGET = 12.3;
				MARKETING_VERSION = 1.0;
				PRODUCT_BUNDLE_IDENTIFIER = com.canopas.iLearningUITests;
				PRODUCT_NAME = "$(TARGET_NAME)";
				SDKROOT = auto;
				SUPPORTED_PLATFORMS = "iphoneos iphonesimulator macosx";
				SWIFT_EMIT_LOC_STRINGS = NO;
				SWIFT_VERSION = 5.0;
				TARGETED_DEVICE_FAMILY = "1,2";
				TEST_TARGET_NAME = iLearning;
			};
			name = Release;
		};
/* End XCBuildConfiguration section */

/* Begin XCConfigurationList section */
		D8AA6339291CD4CA00F2A88A /* Build configuration list for PBXProject "iLearning" */ = {
			isa = XCConfigurationList;
			buildConfigurations = (
				D8AA6361291CD4CB00F2A88A /* Debug */,
				D8AA6362291CD4CB00F2A88A /* Release */,
			);
			defaultConfigurationIsVisible = 0;
			defaultConfigurationName = Release;
		};
		D8AA6363291CD4CB00F2A88A /* Build configuration list for PBXNativeTarget "iLearning" */ = {
			isa = XCConfigurationList;
			buildConfigurations = (
				D8AA6364291CD4CB00F2A88A /* Debug */,
				D8AA6365291CD4CB00F2A88A /* Release */,
			);
			defaultConfigurationIsVisible = 0;
			defaultConfigurationName = Release;
		};
		D8AA6366291CD4CB00F2A88A /* Build configuration list for PBXNativeTarget "iLearningTests" */ = {
			isa = XCConfigurationList;
			buildConfigurations = (
				D8AA6367291CD4CB00F2A88A /* Debug */,
				D8AA6368291CD4CB00F2A88A /* Release */,
			);
			defaultConfigurationIsVisible = 0;
			defaultConfigurationName = Release;
		};
		D8AA6369291CD4CB00F2A88A /* Build configuration list for PBXNativeTarget "iLearningUITests" */ = {
			isa = XCConfigurationList;
			buildConfigurations = (
				D8AA636A291CD4CB00F2A88A /* Debug */,
				D8AA636B291CD4CB00F2A88A /* Release */,
			);
			defaultConfigurationIsVisible = 0;
			defaultConfigurationName = Release;
		};
/* End XCConfigurationList section */
	};
	rootObject = D8AA6336291CD4CA00F2A88A /* Project object */;
}
